// !$*UTF8*$!
{
	archiveVersion = 1;
	classes = {
	};
	objectVersion = 46;
	objects = {

/* Begin PBXBuildFile section */
		845E0FFF1CCE2CE4007CFFE3 /* AKIHumanTests.c in Sources */ = {isa = PBXBuildFile; fileRef = 845E0FFD1CCE2CE4007CFFE3 /* AKIHumanTests.c */; };
		845E10051CCF96B0007CFFE3 /* AKIHuman.c in Sources */ = {isa = PBXBuildFile; fileRef = 845E10031CCF96B0007CFFE3 /* AKIHuman.c */; };
		845E100A1CCFBB14007CFFE3 /* AKIHumanSet.c in Sources */ = {isa = PBXBuildFile; fileRef = 845E10081CCFBB14007CFFE3 /* AKIHumanSet.c */; };
		845E100D1CCFBBF3007CFFE3 /* AKIHumanGet.c in Sources */ = {isa = PBXBuildFile; fileRef = 845E100B1CCFBBF3007CFFE3 /* AKIHumanGet.c */; };
		84F3FBBE1CC909D0002DCC40 /* main.c in Sources */ = {isa = PBXBuildFile; fileRef = 84F3FBBD1CC909D0002DCC40 /* main.c */; };
		84F3FBC71CC90A13002DCC40 /* AKIRunApplication.c in Sources */ = {isa = PBXBuildFile; fileRef = 84F3FBC51CC90A13002DCC40 /* AKIRunApplication.c */; };
/* End PBXBuildFile section */

/* Begin PBXCopyFilesBuildPhase section */
		84F3FBB81CC909D0002DCC40 /* CopyFiles */ = {
			isa = PBXCopyFilesBuildPhase;
			buildActionMask = 2147483647;
			dstPath = /usr/share/man/man1/;
			dstSubfolderSpec = 0;
			files = (
			);
			runOnlyForDeploymentPostprocessing = 1;
		};
/* End PBXCopyFilesBuildPhase section */

/* Begin PBXFileReference section */
		845E0FFD1CCE2CE4007CFFE3 /* AKIHumanTests.c */ = {isa = PBXFileReference; fileEncoding = 4; lastKnownFileType = sourcecode.c.c; path = AKIHumanTests.c; sourceTree = "<group>"; };
		845E0FFE1CCE2CE4007CFFE3 /* AKIHumanTests.h */ = {isa = PBXFileReference; fileEncoding = 4; lastKnownFileType = sourcecode.c.h; path = AKIHumanTests.h; sourceTree = "<group>"; };
		845E10031CCF96B0007CFFE3 /* AKIHuman.c */ = {isa = PBXFileReference; fileEncoding = 4; lastKnownFileType = sourcecode.c.c; name = AKIHuman.c; path = Source/AKIHuman/AKIHuman.c; sourceTree = SOURCE_ROOT; };
		845E10041CCF96B0007CFFE3 /* AKIHuman.h */ = {isa = PBXFileReference; fileEncoding = 4; lastKnownFileType = sourcecode.c.h; name = AKIHuman.h; path = Source/AKIHuman/AKIHuman.h; sourceTree = SOURCE_ROOT; };
		845E10081CCFBB14007CFFE3 /* AKIHumanSet.c */ = {isa = PBXFileReference; fileEncoding = 4; lastKnownFileType = sourcecode.c.c; name = AKIHumanSet.c; path = Source/AKIHuman/AKIHumanSet/AKIHumanSet.c; sourceTree = SOURCE_ROOT; };
		845E10091CCFBB14007CFFE3 /* AKIHumanSet.h */ = {isa = PBXFileReference; fileEncoding = 4; lastKnownFileType = sourcecode.c.h; name = AKIHumanSet.h; path = Source/AKIHuman/AKIHumanSet/AKIHumanSet.h; sourceTree = SOURCE_ROOT; };
		845E100B1CCFBBF3007CFFE3 /* AKIHumanGet.c */ = {isa = PBXFileReference; fileEncoding = 4; lastKnownFileType = sourcecode.c.c; name = AKIHumanGet.c; path = Source/AKIHuman/AKIHumanGet/AKIHumanGet.c; sourceTree = SOURCE_ROOT; };
		845E100C1CCFBBF3007CFFE3 /* AKIHumanGet.h */ = {isa = PBXFileReference; fileEncoding = 4; lastKnownFileType = sourcecode.c.h; name = AKIHumanGet.h; path = Source/AKIHuman/AKIHumanGet/AKIHumanGet.h; sourceTree = SOURCE_ROOT; };
		84F3FBBA1CC909D0002DCC40 /* AKIHuman */ = {isa = PBXFileReference; explicitFileType = "compiled.mach-o.executable"; includeInIndex = 0; path = AKIHuman; sourceTree = BUILT_PRODUCTS_DIR; };
		84F3FBBD1CC909D0002DCC40 /* main.c */ = {isa = PBXFileReference; lastKnownFileType = sourcecode.c.c; path = main.c; sourceTree = "<group>"; };
		84F3FBC51CC90A13002DCC40 /* AKIRunApplication.c */ = {isa = PBXFileReference; fileEncoding = 4; lastKnownFileType = sourcecode.c.c; path = AKIRunApplication.c; sourceTree = "<group>"; };
		84F3FBC61CC90A13002DCC40 /* AKIRunApplication.h */ = {isa = PBXFileReference; fileEncoding = 4; lastKnownFileType = sourcecode.c.h; path = AKIRunApplication.h; sourceTree = "<group>"; };
/* End PBXFileReference section */

/* Begin PBXFrameworksBuildPhase section */
		84F3FBB71CC909D0002DCC40 /* Frameworks */ = {
			isa = PBXFrameworksBuildPhase;
			buildActionMask = 2147483647;
			files = (
			);
			runOnlyForDeploymentPostprocessing = 0;
		};
/* End PBXFrameworksBuildPhase section */

/* Begin PBXGroup section */
		845E0FFC1CCE2CBE007CFFE3 /* Tests */ = {
			isa = PBXGroup;
			children = (
				845E0FFD1CCE2CE4007CFFE3 /* AKIHumanTests.c */,
				845E0FFE1CCE2CE4007CFFE3 /* AKIHumanTests.h */,
			);
			path = Tests;
			sourceTree = "<group>";
		};
		845E10061CCFBABC007CFFE3 /* AKIHumanSet */ = {
			isa = PBXGroup;
			children = (
				845E10081CCFBB14007CFFE3 /* AKIHumanSet.c */,
				845E10091CCFBB14007CFFE3 /* AKIHumanSet.h */,
			);
			name = AKIHumanSet;
			path = Source/AKIHuman/AKIHumanSet;
			sourceTree = "<group>";
		};
		845E10071CCFBAE3007CFFE3 /* AKIHumanGet */ = {
			isa = PBXGroup;
			children = (
				845E100B1CCFBBF3007CFFE3 /* AKIHumanGet.c */,
				845E100C1CCFBBF3007CFFE3 /* AKIHumanGet.h */,
			);
			name = AKIHumanGet;
			path = Source/AKIHuman/AKIHumanGet;
			sourceTree = "<group>";
		};
		84F3FBB11CC909D0002DCC40 = {
			isa = PBXGroup;
			children = (
				84F3FBC41CC909DC002DCC40 /* Source */,
				84F3FBBC1CC909D0002DCC40 /* AKIHuman */,
				84F3FBBB1CC909D0002DCC40 /* Products */,
			);
			sourceTree = "<group>";
		};
		84F3FBBB1CC909D0002DCC40 /* Products */ = {
			isa = PBXGroup;
			children = (
				84F3FBBA1CC909D0002DCC40 /* AKIHuman */,
			);
			name = Products;
			sourceTree = "<group>";
		};
		84F3FBBC1CC909D0002DCC40 /* AKIHuman */ = {
			isa = PBXGroup;
			children = (
				84F3FBBD1CC909D0002DCC40 /* main.c */,
			);
			path = AKIHuman;
			sourceTree = "<group>";
		};
		84F3FBC41CC909DC002DCC40 /* Source */ = {
			isa = PBXGroup;
			children = (
				845E0FFC1CCE2CBE007CFFE3 /* Tests */,
				84F3FBC81CC90D16002DCC40 /* AKIHuman */,
				84F3FBC51CC90A13002DCC40 /* AKIRunApplication.c */,
				84F3FBC61CC90A13002DCC40 /* AKIRunApplication.h */,
			);
			path = Source;
			sourceTree = "<group>";
		};
		84F3FBC81CC90D16002DCC40 /* AKIHuman */ = {
			isa = PBXGroup;
			children = (
				845E10071CCFBAE3007CFFE3 /* AKIHumanGet */,
				845E10061CCFBABC007CFFE3 /* AKIHumanSet */,
				845E10031CCF96B0007CFFE3 /* AKIHuman.c */,
				845E10041CCF96B0007CFFE3 /* AKIHuman.h */,
			);
			name = AKIHuman;
			path = AKIInitializeHuman;
			sourceTree = "<group>";
		};
/* End PBXGroup section */

/* Begin PBXNativeTarget section */
		84F3FBB91CC909D0002DCC40 /* AKIHuman */ = {
			isa = PBXNativeTarget;
			buildConfigurationList = 84F3FBC11CC909D0002DCC40 /* Build configuration list for PBXNativeTarget "AKIHuman" */;
			buildPhases = (
				84F3FBB61CC909D0002DCC40 /* Sources */,
				84F3FBB71CC909D0002DCC40 /* Frameworks */,
				84F3FBB81CC909D0002DCC40 /* CopyFiles */,
			);
			buildRules = (
			);
			dependencies = (
			);
			name = AKIHuman;
			productName = AKIHuman;
			productReference = 84F3FBBA1CC909D0002DCC40 /* AKIHuman */;
			productType = "com.apple.product-type.tool";
		};
/* End PBXNativeTarget section */

/* Begin PBXProject section */
		84F3FBB21CC909D0002DCC40 /* Project object */ = {
			isa = PBXProject;
			attributes = {
				LastUpgradeCheck = 0730;
				ORGANIZATIONNAME = "Alexey Khomych";
				TargetAttributes = {
					84F3FBB91CC909D0002DCC40 = {
						CreatedOnToolsVersion = 7.3;
					};
				};
			};
			buildConfigurationList = 84F3FBB51CC909D0002DCC40 /* Build configuration list for PBXProject "AKIHuman" */;
			compatibilityVersion = "Xcode 3.2";
			developmentRegion = English;
			hasScannedForEncodings = 0;
			knownRegions = (
				en,
			);
			mainGroup = 84F3FBB11CC909D0002DCC40;
			productRefGroup = 84F3FBBB1CC909D0002DCC40 /* Products */;
			projectDirPath = "";
			projectRoot = "";
			targets = (
				84F3FBB91CC909D0002DCC40 /* AKIHuman */,
			);
		};
/* End PBXProject section */

/* Begin PBXSourcesBuildPhase section */
		84F3FBB61CC909D0002DCC40 /* Sources */ = {
			isa = PBXSourcesBuildPhase;
			buildActionMask = 2147483647;
			files = (
				845E100A1CCFBB14007CFFE3 /* AKIHumanSet.c in Sources */,
				845E0FFF1CCE2CE4007CFFE3 /* AKIHumanTests.c in Sources */,
				845E100D1CCFBBF3007CFFE3 /* AKIHumanGet.c in Sources */,
				845E10051CCF96B0007CFFE3 /* AKIHuman.c in Sources */,
				84F3FBC71CC90A13002DCC40 /* AKIRunApplication.c in Sources */,
				84F3FBBE1CC909D0002DCC40 /* main.c in Sources */,
			);
			runOnlyForDeploymentPostprocessing = 0;
		};
/* End PBXSourcesBuildPhase section */

/* Begin XCBuildConfiguration section */
		84F3FBBF1CC909D0002DCC40 /* Debug */ = {
			isa = XCBuildConfiguration;
			buildSettings = {
				ALWAYS_SEARCH_USER_PATHS = NO;
				CLANG_ANALYZER_NONNULL = YES;
				CLANG_CXX_LANGUAGE_STANDARD = "gnu++0x";
				CLANG_CXX_LIBRARY = "libc++";
				CLANG_ENABLE_MODULES = YES;
				CLANG_ENABLE_OBJC_ARC = YES;
				CLANG_WARN_BOOL_CONVERSION = YES;
				CLANG_WARN_CONSTANT_CONVERSION = YES;
				CLANG_WARN_DIRECT_OBJC_ISA_USAGE = YES_ERROR;
				CLANG_WARN_EMPTY_BODY = YES;
				CLANG_WARN_ENUM_CONVERSION = YES;
				CLANG_WARN_INT_CONVERSION = YES;
				CLANG_WARN_OBJC_ROOT_CLASS = YES_ERROR;
				CLANG_WARN_UNREACHABLE_CODE = YES;
				CLANG_WARN__DUPLICATE_METHOD_MATCH = YES;
				CODE_SIGN_IDENTITY = "-";
				COPY_PHASE_STRIP = NO;
				DEBUG_INFORMATION_FORMAT = dwarf;
				ENABLE_STRICT_OBJC_MSGSEND = YES;
				ENABLE_TESTABILITY = YES;
				GCC_C_LANGUAGE_STANDARD = gnu99;
				GCC_DYNAMIC_NO_PIC = NO;
				GCC_NO_COMMON_BLOCKS = YES;
				GCC_OPTIMIZATION_LEVEL = 0;
				GCC_PREPROCESSOR_DEFINITIONS = (
					"DEBUG=1",
					"$(inherited)",
				);
				GCC_WARN_64_TO_32_BIT_CONVERSION = YES;
				GCC_WARN_ABOUT_RETURN_TYPE = YES_ERROR;
				GCC_WARN_UNDECLARED_SELECTOR = YES;
				GCC_WARN_UNINITIALIZED_AUTOS = YES_AGGRESSIVE;
				GCC_WARN_UNUSED_FUNCTION = YES;
				GCC_WARN_UNUSED_VARIABLE = YES;
				MACOSX_DEPLOYMENT_TARGET = 10.11;
				MTL_ENABLE_DEBUG_INFO = YES;
				ONLY_ACTIVE_ARCH = YES;
				SDKROOT = macosx;
			};
			name = Debug;
		};
		84F3FBC01CC909D0002DCC40 /* Release */ = {
			isa = XCBuildConfiguration;
			buildSettings = {
				ALWAYS_SEARCH_USER_PATHS = NO;
				CLANG_ANALYZER_NONNULL = YES;
				CLANG_CXX_LANGUAGE_STANDARD = "gnu++0x";
				CLANG_CXX_LIBRARY = "libc++";
				CLANG_ENABLE_MODULES = YES;
				CLANG_ENABLE_OBJC_ARC = YES;
				CLANG_WARN_BOOL_CONVERSION = YES;
				CLANG_WARN_CONSTANT_CONVERSION = YES;
				CLANG_WARN_DIRECT_OBJC_ISA_USAGE = YES_ERROR;
				CLANG_WARN_EMPTY_BODY = YES;
				CLANG_WARN_ENUM_CONVERSION = YES;
				CLANG_WARN_INT_CONVERSION = YES;
				CLANG_WARN_OBJC_ROOT_CLASS = YES_ERROR;
				CLANG_WARN_UNREACHABLE_CODE = YES;
				CLANG_WARN__DUPLICATE_METHOD_MATCH = YES;
				CODE_SIGN_IDENTITY = "-";
				COPY_PHASE_STRIP = NO;
				DEBUG_INFORMATION_FORMAT = "dwarf-with-dsym";
				ENABLE_NS_ASSERTIONS = NO;
				ENABLE_STRICT_OBJC_MSGSEND = YES;
				GCC_C_LANGUAGE_STANDARD = gnu99;
				GCC_NO_COMMON_BLOCKS = YES;
				GCC_WARN_64_TO_32_BIT_CONVERSION = YES;
				GCC_WARN_ABOUT_RETURN_TYPE = YES_ERROR;
				GCC_WARN_UNDECLARED_SELECTOR = YES;
				GCC_WARN_UNINITIALIZED_AUTOS = YES_AGGRESSIVE;
				GCC_WARN_UNUSED_FUNCTION = YES;
				GCC_WARN_UNUSED_VARIABLE = YES;
				MACOSX_DEPLOYMENT_TARGET = 10.11;
				MTL_ENABLE_DEBUG_INFO = NO;
				SDKROOT = macosx;
			};
			name = Release;
		};
		84F3FBC21CC909D0002DCC40 /* Debug */ = {
			isa = XCBuildConfiguration;
			buildSettings = {
				PRODUCT_NAME = "$(TARGET_NAME)";
			};
			name = Debug;
		};
		84F3FBC31CC909D0002DCC40 /* Release */ = {
			isa = XCBuildConfiguration;
			buildSettings = {
				PRODUCT_NAME = "$(TARGET_NAME)";
			};
			name = Release;
		};
/* End XCBuildConfiguration section */

/* Begin XCConfigurationList section */
		84F3FBB51CC909D0002DCC40 /* Build configuration list for PBXProject "AKIHuman" */ = {
			isa = XCConfigurationList;
			buildConfigurations = (
				84F3FBBF1CC909D0002DCC40 /* Debug */,
				84F3FBC01CC909D0002DCC40 /* Release */,
			);
			defaultConfigurationIsVisible = 0;
			defaultConfigurationName = Release;
		};
		84F3FBC11CC909D0002DCC40 /* Build configuration list for PBXNativeTarget "AKIHuman" */ = {
			isa = XCConfigurationList;
			buildConfigurations = (
				84F3FBC21CC909D0002DCC40 /* Debug */,
				84F3FBC31CC909D0002DCC40 /* Release */,
			);
			defaultConfigurationIsVisible = 0;
			defaultConfigurationName = Release;
		};
/* End XCConfigurationList section */
	};
	rootObject = 84F3FBB21CC909D0002DCC40 /* Project object */;
}
