// !$*UTF8*$!
{
	archiveVersion = 1;
	classes = {
	};
	objectVersion = 46;
	objects = {

/* Begin PBXBuildFile section */
		8453D64D1CF327A600C61D72 /* AKILinkedList.c in Sources */ = {isa = PBXBuildFile; fileRef = 8453D64B1CF327A600C61D72 /* AKILinkedList.c */; };
		8453D6511CF3298300C61D72 /* AKILinkedListNode.c in Sources */ = {isa = PBXBuildFile; fileRef = 8453D64F1CF3298300C61D72 /* AKILinkedListNode.c */; };
		8453D6551CF5AF3400C61D72 /* AKIConstants.c in Sources */ = {isa = PBXBuildFile; fileRef = 8453D6541CF5AF3400C61D72 /* AKIConstants.c */; };
		8453D6581CF5CE4B00C61D72 /* AKILinkedListTest.c in Sources */ = {isa = PBXBuildFile; fileRef = 8453D6561CF5CE4B00C61D72 /* AKILinkedListTest.c */; };
		8453D65C1CF5E17C00C61D72 /* AKILinkedListEnumerator.c in Sources */ = {isa = PBXBuildFile; fileRef = 8453D65A1CF5E17C00C61D72 /* AKILinkedListEnumerator.c */; };
		845E0FFF1CCE2CE4007CFFE3 /* AKIHumanTests.c in Sources */ = {isa = PBXBuildFile; fileRef = 845E0FFD1CCE2CE4007CFFE3 /* AKIHumanTests.c */; };
		845E10051CCF96B0007CFFE3 /* AKIHuman.c in Sources */ = {isa = PBXBuildFile; fileRef = 845E10031CCF96B0007CFFE3 /* AKIHuman.c */; };
		845E10121CD0E490007CFFE3 /* AKIHuman+AKIMarriage.c in Sources */ = {isa = PBXBuildFile; fileRef = 845E10101CD0E490007CFFE3 /* AKIHuman+AKIMarriage.c */; };
		845E10161CD0E6A8007CFFE3 /* AKIHuman+AKIParentHood.c in Sources */ = {isa = PBXBuildFile; fileRef = 845E10141CD0E6A8007CFFE3 /* AKIHuman+AKIParentHood.c */; };
		845E101E1CD903B6007CFFE3 /* AKIObject.c in Sources */ = {isa = PBXBuildFile; fileRef = 845E101C1CD903B6007CFFE3 /* AKIObject.c */; };
		845E10221CE89C96007CFFE3 /* AKIString.c in Sources */ = {isa = PBXBuildFile; fileRef = 845E10201CE89C96007CFFE3 /* AKIString.c */; };
		845E102A1CEB3D53007CFFE3 /* AKIArrayTest.c in Sources */ = {isa = PBXBuildFile; fileRef = 845E10281CEB3D53007CFFE3 /* AKIArrayTest.c */; };
		845E102D1CEB3EDA007CFFE3 /* AKIArray.c in Sources */ = {isa = PBXBuildFile; fileRef = 845E102B1CEB3EDA007CFFE3 /* AKIArray.c */; };
		84F3FBBE1CC909D0002DCC40 /* main.c in Sources */ = {isa = PBXBuildFile; fileRef = 84F3FBBD1CC909D0002DCC40 /* main.c */; };
		84F3FBC71CC90A13002DCC40 /* AKIRunApplication.c in Sources */ = {isa = PBXBuildFile; fileRef = 84F3FBC51CC90A13002DCC40 /* AKIRunApplication.c */; };
/* End PBXBuildFile section */

/* Begin PBXCopyFilesBuildPhase section */
		84F3FBB81CC909D0002DCC40 /* CopyFiles */ = {
			isa = PBXCopyFilesBuildPhase;
			buildActionMask = 2147483647;
			dstPath = /usr/share/man/man1/;
			dstSubfolderSpec = 0;
			files = (
			);
			runOnlyForDeploymentPostprocessing = 1;
		};
/* End PBXCopyFilesBuildPhase section */

/* Begin PBXFileReference section */
		8453D64B1CF327A600C61D72 /* AKILinkedList.c */ = {isa = PBXFileReference; fileEncoding = 4; lastKnownFileType = sourcecode.c.c; path = AKILinkedList.c; sourceTree = "<group>"; };
		8453D64C1CF327A600C61D72 /* AKILinkedList.h */ = {isa = PBXFileReference; fileEncoding = 4; lastKnownFileType = sourcecode.c.h; path = AKILinkedList.h; sourceTree = "<group>"; };
		8453D64F1CF3298300C61D72 /* AKILinkedListNode.c */ = {isa = PBXFileReference; fileEncoding = 4; lastKnownFileType = sourcecode.c.c; path = AKILinkedListNode.c; sourceTree = "<group>"; };
		8453D6501CF3298300C61D72 /* AKILinkedListNode.h */ = {isa = PBXFileReference; fileEncoding = 4; lastKnownFileType = sourcecode.c.h; path = AKILinkedListNode.h; sourceTree = "<group>"; };
		8453D6531CF48EA400C61D72 /* AKIConstants.h */ = {isa = PBXFileReference; fileEncoding = 4; lastKnownFileType = sourcecode.c.h; path = AKIConstants.h; sourceTree = "<group>"; };
		8453D6541CF5AF3400C61D72 /* AKIConstants.c */ = {isa = PBXFileReference; fileEncoding = 4; lastKnownFileType = sourcecode.c.c; path = AKIConstants.c; sourceTree = "<group>"; };
		8453D6561CF5CE4B00C61D72 /* AKILinkedListTest.c */ = {isa = PBXFileReference; fileEncoding = 4; lastKnownFileType = sourcecode.c.c; path = AKILinkedListTest.c; sourceTree = "<group>"; };
		8453D6571CF5CE4B00C61D72 /* AKILinkedListTest.h */ = {isa = PBXFileReference; fileEncoding = 4; lastKnownFileType = sourcecode.c.h; path = AKILinkedListTest.h; sourceTree = "<group>"; };
		8453D65A1CF5E17C00C61D72 /* AKILinkedListEnumerator.c */ = {isa = PBXFileReference; fileEncoding = 4; lastKnownFileType = sourcecode.c.c; path = AKILinkedListEnumerator.c; sourceTree = "<group>"; };
		8453D65B1CF5E17C00C61D72 /* AKILinkedListEnumerator.h */ = {isa = PBXFileReference; fileEncoding = 4; lastKnownFileType = sourcecode.c.h; path = AKILinkedListEnumerator.h; sourceTree = "<group>"; };
		8453D65E1CFB5D3D00C61D72 /* AKILinkedListPrivate.h */ = {isa = PBXFileReference; fileEncoding = 4; lastKnownFileType = sourcecode.c.h; path = AKILinkedListPrivate.h; sourceTree = "<group>"; };
		845E0FFD1CCE2CE4007CFFE3 /* AKIHumanTests.c */ = {isa = PBXFileReference; fileEncoding = 4; lastKnownFileType = sourcecode.c.c; path = AKIHumanTests.c; sourceTree = "<group>"; };
		845E0FFE1CCE2CE4007CFFE3 /* AKIHumanTests.h */ = {isa = PBXFileReference; fileEncoding = 4; lastKnownFileType = sourcecode.c.h; path = AKIHumanTests.h; sourceTree = "<group>"; };
		845E10031CCF96B0007CFFE3 /* AKIHuman.c */ = {isa = PBXFileReference; fileEncoding = 4; lastKnownFileType = sourcecode.c.c; name = AKIHuman.c; path = Source/AKIHuman/AKIHuman.c; sourceTree = SOURCE_ROOT; };
		845E10041CCF96B0007CFFE3 /* AKIHuman.h */ = {isa = PBXFileReference; fileEncoding = 4; lastKnownFileType = sourcecode.c.h; name = AKIHuman.h; path = Source/AKIHuman/AKIHuman.h; sourceTree = SOURCE_ROOT; };
		845E10101CD0E490007CFFE3 /* AKIHuman+AKIMarriage.c */ = {isa = PBXFileReference; fileEncoding = 4; lastKnownFileType = sourcecode.c.c; name = "AKIHuman+AKIMarriage.c"; path = "Source/AKIHuman/AKIHuman+AKIMarriage/AKIHuman+AKIMarriage.c"; sourceTree = SOURCE_ROOT; };
		845E10111CD0E490007CFFE3 /* AKIHuman+AKIMarriage.h */ = {isa = PBXFileReference; fileEncoding = 4; lastKnownFileType = sourcecode.c.h; name = "AKIHuman+AKIMarriage.h"; path = "Source/AKIHuman/AKIHuman+AKIMarriage/AKIHuman+AKIMarriage.h"; sourceTree = SOURCE_ROOT; };
		845E10141CD0E6A8007CFFE3 /* AKIHuman+AKIParentHood.c */ = {isa = PBXFileReference; fileEncoding = 4; lastKnownFileType = sourcecode.c.c; name = "AKIHuman+AKIParentHood.c"; path = "Source/AKIHuman/AKIHuman+AKIParentHood/AKIHuman+AKIParentHood.c"; sourceTree = SOURCE_ROOT; };
		845E10151CD0E6A8007CFFE3 /* AKIHuman+AKIParentHood.h */ = {isa = PBXFileReference; fileEncoding = 4; lastKnownFileType = sourcecode.c.h; name = "AKIHuman+AKIParentHood.h"; path = "Source/AKIHuman/AKIHuman+AKIParentHood/AKIHuman+AKIParentHood.h"; sourceTree = SOURCE_ROOT; };
		845E101C1CD903B6007CFFE3 /* AKIObject.c */ = {isa = PBXFileReference; fileEncoding = 4; lastKnownFileType = sourcecode.c.c; path = AKIObject.c; sourceTree = "<group>"; };
		845E101D1CD903B6007CFFE3 /* AKIObject.h */ = {isa = PBXFileReference; fileEncoding = 4; lastKnownFileType = sourcecode.c.h; path = AKIObject.h; sourceTree = "<group>"; };
		845E10201CE89C96007CFFE3 /* AKIString.c */ = {isa = PBXFileReference; fileEncoding = 4; lastKnownFileType = sourcecode.c.c; path = AKIString.c; sourceTree = "<group>"; };
		845E10211CE89C96007CFFE3 /* AKIString.h */ = {isa = PBXFileReference; fileEncoding = 4; lastKnownFileType = sourcecode.c.h; path = AKIString.h; sourceTree = "<group>"; usesTabs = 0; };
		845E10281CEB3D53007CFFE3 /* AKIArrayTest.c */ = {isa = PBXFileReference; fileEncoding = 4; lastKnownFileType = sourcecode.c.c; path = AKIArrayTest.c; sourceTree = "<group>"; };
		845E10291CEB3D53007CFFE3 /* AKIArrayTest.h */ = {isa = PBXFileReference; fileEncoding = 4; lastKnownFileType = sourcecode.c.h; path = AKIArrayTest.h; sourceTree = "<group>"; };
		845E102B1CEB3EDA007CFFE3 /* AKIArray.c */ = {isa = PBXFileReference; fileEncoding = 4; lastKnownFileType = sourcecode.c.c; path = AKIArray.c; sourceTree = "<group>"; };
		845E102C1CEB3EDA007CFFE3 /* AKIArray.h */ = {isa = PBXFileReference; fileEncoding = 4; lastKnownFileType = sourcecode.c.h; path = AKIArray.h; sourceTree = "<group>"; };
		84F3FBBA1CC909D0002DCC40 /* AKIHuman */ = {isa = PBXFileReference; explicitFileType = "compiled.mach-o.executable"; includeInIndex = 0; path = AKIHuman; sourceTree = BUILT_PRODUCTS_DIR; };
		84F3FBBD1CC909D0002DCC40 /* main.c */ = {isa = PBXFileReference; lastKnownFileType = sourcecode.c.c; path = main.c; sourceTree = "<group>"; };
		84F3FBC51CC90A13002DCC40 /* AKIRunApplication.c */ = {isa = PBXFileReference; fileEncoding = 4; lastKnownFileType = sourcecode.c.c; path = AKIRunApplication.c; sourceTree = "<group>"; };
		84F3FBC61CC90A13002DCC40 /* AKIRunApplication.h */ = {isa = PBXFileReference; fileEncoding = 4; lastKnownFileType = sourcecode.c.h; path = AKIRunApplication.h; sourceTree = "<group>"; };
/* End PBXFileReference section */

/* Begin PBXFrameworksBuildPhase section */
		84F3FBB71CC909D0002DCC40 /* Frameworks */ = {
			isa = PBXFrameworksBuildPhase;
			buildActionMask = 2147483647;
			files = (
			);
			runOnlyForDeploymentPostprocessing = 0;
		};
/* End PBXFrameworksBuildPhase section */

/* Begin PBXGroup section */
		8453D64A1CF3276B00C61D72 /* AKILinkedList */ = {
			isa = PBXGroup;
			children = (
				8453D6591CF5E0D900C61D72 /* AKILinkedListEnumerator */,
				8453D64E1CF3294E00C61D72 /* AKILinkedListNode */,
				8453D64B1CF327A600C61D72 /* AKILinkedList.c */,
				8453D64C1CF327A600C61D72 /* AKILinkedList.h */,
				8453D65E1CFB5D3D00C61D72 /* AKILinkedListPrivate.h */,
			);
			path = AKILinkedList;
			sourceTree = "<group>";
		};
		8453D64E1CF3294E00C61D72 /* AKILinkedListNode */ = {
			isa = PBXGroup;
			children = (
				8453D64F1CF3298300C61D72 /* AKILinkedListNode.c */,
				8453D6501CF3298300C61D72 /* AKILinkedListNode.h */,
			);
			path = AKILinkedListNode;
			sourceTree = "<group>";
		};
		8453D6521CF48E7000C61D72 /* AKIConstants */ = {
			isa = PBXGroup;
			children = (
				8453D6541CF5AF3400C61D72 /* AKIConstants.c */,
				8453D6531CF48EA400C61D72 /* AKIConstants.h */,
			);
			path = AKIConstants;
			sourceTree = "<group>";
		};
		8453D6591CF5E0D900C61D72 /* AKILinkedListEnumerator */ = {
			isa = PBXGroup;
			children = (
				8453D65A1CF5E17C00C61D72 /* AKILinkedListEnumerator.c */,
				8453D65B1CF5E17C00C61D72 /* AKILinkedListEnumerator.h */,
			);
			path = AKILinkedListEnumerator;
			sourceTree = "<group>";
		};
		845E0FFC1CCE2CBE007CFFE3 /* Tests */ = {
			isa = PBXGroup;
			children = (
				845E0FFD1CCE2CE4007CFFE3 /* AKIHumanTests.c */,
				845E0FFE1CCE2CE4007CFFE3 /* AKIHumanTests.h */,
				845E10281CEB3D53007CFFE3 /* AKIArrayTest.c */,
				845E10291CEB3D53007CFFE3 /* AKIArrayTest.h */,
				8453D6561CF5CE4B00C61D72 /* AKILinkedListTest.c */,
				8453D6571CF5CE4B00C61D72 /* AKILinkedListTest.h */,
			);
			path = Tests;
			sourceTree = "<group>";
		};
		845E100E1CD0E354007CFFE3 /* AKIHuman+AKIMarriage */ = {
			isa = PBXGroup;
			children = (
				845E10101CD0E490007CFFE3 /* AKIHuman+AKIMarriage.c */,
				845E10111CD0E490007CFFE3 /* AKIHuman+AKIMarriage.h */,
			);
			name = "AKIHuman+AKIMarriage";
			path = "Source/AKIHuman/AKIHuman+AKIMarriage";
			sourceTree = "<group>";
		};
		845E100F1CD0E378007CFFE3 /* AKIHuman+AKIParentHood */ = {
			isa = PBXGroup;
			children = (
				845E10141CD0E6A8007CFFE3 /* AKIHuman+AKIParentHood.c */,
				845E10151CD0E6A8007CFFE3 /* AKIHuman+AKIParentHood.h */,
			);
			name = "AKIHuman+AKIParentHood";
			path = "Source/AKIHuman/AKIHuman+AKIParentHood";
			sourceTree = "<group>";
		};
		845E101B1CD90397007CFFE3 /* AKIObject */ = {
			isa = PBXGroup;
			children = (
				845E101C1CD903B6007CFFE3 /* AKIObject.c */,
				845E101D1CD903B6007CFFE3 /* AKIObject.h */,
			);
			path = AKIObject;
			sourceTree = "<group>";
		};
		845E101F1CE89C24007CFFE3 /* AKIString */ = {
			isa = PBXGroup;
			children = (
				845E10201CE89C96007CFFE3 /* AKIString.c */,
				845E10211CE89C96007CFFE3 /* AKIString.h */,
			);
			path = AKIString;
			sourceTree = "<group>";
		};
		845E10231CEA06A5007CFFE3 /* AKIArray */ = {
			isa = PBXGroup;
			children = (
				845E102B1CEB3EDA007CFFE3 /* AKIArray.c */,
				845E102C1CEB3EDA007CFFE3 /* AKIArray.h */,
			);
			path = AKIArray;
			sourceTree = "<group>";
		};
		84F3FBB11CC909D0002DCC40 = {
			isa = PBXGroup;
			children = (
				84F3FBC41CC909DC002DCC40 /* Source */,
				84F3FBBC1CC909D0002DCC40 /* AKIHuman */,
				84F3FBBB1CC909D0002DCC40 /* Products */,
			);
			sourceTree = "<group>";
		};
		84F3FBBB1CC909D0002DCC40 /* Products */ = {
			isa = PBXGroup;
			children = (
				84F3FBBA1CC909D0002DCC40 /* AKIHuman */,
			);
			name = Products;
			sourceTree = "<group>";
		};
		84F3FBBC1CC909D0002DCC40 /* AKIHuman */ = {
			isa = PBXGroup;
			children = (
				84F3FBBD1CC909D0002DCC40 /* main.c */,
			);
			path = AKIHuman;
			sourceTree = "<group>";
		};
		84F3FBC41CC909DC002DCC40 /* Source */ = {
			isa = PBXGroup;
			children = (
				8453D6521CF48E7000C61D72 /* AKIConstants */,
				8453D64A1CF3276B00C61D72 /* AKILinkedList */,
				845E10231CEA06A5007CFFE3 /* AKIArray */,
				845E101F1CE89C24007CFFE3 /* AKIString */,
				845E101B1CD90397007CFFE3 /* AKIObject */,
				845E0FFC1CCE2CBE007CFFE3 /* Tests */,
				84F3FBC81CC90D16002DCC40 /* AKIHuman */,
				84F3FBC51CC90A13002DCC40 /* AKIRunApplication.c */,
				84F3FBC61CC90A13002DCC40 /* AKIRunApplication.h */,
			);
			path = Source;
			sourceTree = "<group>";
		};
		84F3FBC81CC90D16002DCC40 /* AKIHuman */ = {
			isa = PBXGroup;
			children = (
				845E100F1CD0E378007CFFE3 /* AKIHuman+AKIParentHood */,
				845E100E1CD0E354007CFFE3 /* AKIHuman+AKIMarriage */,
				845E10031CCF96B0007CFFE3 /* AKIHuman.c */,
				845E10041CCF96B0007CFFE3 /* AKIHuman.h */,
			);
			name = AKIHuman;
			path = AKIInitializeHuman;
			sourceTree = "<group>";
		};
/* End PBXGroup section */

/* Begin PBXNativeTarget section */
		84F3FBB91CC909D0002DCC40 /* AKIHuman */ = {
			isa = PBXNativeTarget;
			buildConfigurationList = 84F3FBC11CC909D0002DCC40 /* Build configuration list for PBXNativeTarget "AKIHuman" */;
			buildPhases = (
				84F3FBB61CC909D0002DCC40 /* Sources */,
				84F3FBB71CC909D0002DCC40 /* Frameworks */,
				84F3FBB81CC909D0002DCC40 /* CopyFiles */,
			);
			buildRules = (
			);
			dependencies = (
			);
			name = AKIHuman;
			productName = AKIHuman;
			productReference = 84F3FBBA1CC909D0002DCC40 /* AKIHuman */;
			productType = "com.apple.product-type.tool";
		};
/* End PBXNativeTarget section */

/* Begin PBXProject section */
		84F3FBB21CC909D0002DCC40 /* Project object */ = {
			isa = PBXProject;
			attributes = {
				LastUpgradeCheck = 0730;
				ORGANIZATIONNAME = "Alexey Khomych";
				TargetAttributes = {
					84F3FBB91CC909D0002DCC40 = {
						CreatedOnToolsVersion = 7.3;
					};
				};
			};
			buildConfigurationList = 84F3FBB51CC909D0002DCC40 /* Build configuration list for PBXProject "AKIHuman" */;
			compatibilityVersion = "Xcode 3.2";
			developmentRegion = English;
			hasScannedForEncodings = 0;
			knownRegions = (
				en,
			);
			mainGroup = 84F3FBB11CC909D0002DCC40;
			productRefGroup = 84F3FBBB1CC909D0002DCC40 /* Products */;
			projectDirPath = "";
			projectRoot = "";
			targets = (
				84F3FBB91CC909D0002DCC40 /* AKIHuman */,
			);
		};
/* End PBXProject section */

/* Begin PBXSourcesBuildPhase section */
		84F3FBB61CC909D0002DCC40 /* Sources */ = {
			isa = PBXSourcesBuildPhase;
			buildActionMask = 2147483647;
			files = (
				845E10221CE89C96007CFFE3 /* AKIString.c in Sources */,
				845E0FFF1CCE2CE4007CFFE3 /* AKIHumanTests.c in Sources */,
				845E10161CD0E6A8007CFFE3 /* AKIHuman+AKIParentHood.c in Sources */,
				845E101E1CD903B6007CFFE3 /* AKIObject.c in Sources */,
				845E10051CCF96B0007CFFE3 /* AKIHuman.c in Sources */,
				845E102D1CEB3EDA007CFFE3 /* AKIArray.c in Sources */,
				8453D6581CF5CE4B00C61D72 /* AKILinkedListTest.c in Sources */,
				84F3FBC71CC90A13002DCC40 /* AKIRunApplication.c in Sources */,
				8453D65C1CF5E17C00C61D72 /* AKILinkedListEnumerator.c in Sources */,
				8453D64D1CF327A600C61D72 /* AKILinkedList.c in Sources */,
				845E102A1CEB3D53007CFFE3 /* AKIArrayTest.c in Sources */,
				84F3FBBE1CC909D0002DCC40 /* main.c in Sources */,
				8453D6511CF3298300C61D72 /* AKILinkedListNode.c in Sources */,
				845E10121CD0E490007CFFE3 /* AKIHuman+AKIMarriage.c in Sources */,
				8453D6551CF5AF3400C61D72 /* AKIConstants.c in Sources */,
			);
			runOnlyForDeploymentPostprocessing = 0;
		};
/* End PBXSourcesBuildPhase section */

/* Begin XCBuildConfiguration section */
		84F3FBBF1CC909D0002DCC40 /* Debug */ = {
			isa = XCBuildConfiguration;
			buildSettings = {
				ALWAYS_SEARCH_USER_PATHS = NO;
				CLANG_ANALYZER_NONNULL = YES;
				CLANG_CXX_LANGUAGE_STANDARD = "gnu++0x";
				CLANG_CXX_LIBRARY = "libc++";
				CLANG_ENABLE_MODULES = YES;
				CLANG_ENABLE_OBJC_ARC = YES;
				CLANG_WARN_BOOL_CONVERSION = YES;
				CLANG_WARN_CONSTANT_CONVERSION = YES;
				CLANG_WARN_DIRECT_OBJC_ISA_USAGE = YES_ERROR;
				CLANG_WARN_EMPTY_BODY = YES;
				CLANG_WARN_ENUM_CONVERSION = YES;
				CLANG_WARN_INT_CONVERSION = YES;
				CLANG_WARN_OBJC_ROOT_CLASS = YES_ERROR;
				CLANG_WARN_UNREACHABLE_CODE = YES;
				CLANG_WARN__DUPLICATE_METHOD_MATCH = YES;
				CODE_SIGN_IDENTITY = "-";
				COPY_PHASE_STRIP = NO;
				DEBUG_INFORMATION_FORMAT = dwarf;
				ENABLE_STRICT_OBJC_MSGSEND = YES;
				ENABLE_TESTABILITY = YES;
				GCC_C_LANGUAGE_STANDARD = gnu99;
				GCC_DYNAMIC_NO_PIC = NO;
				GCC_NO_COMMON_BLOCKS = YES;
				GCC_OPTIMIZATION_LEVEL = 0;
				GCC_PREPROCESSOR_DEFINITIONS = (
					"DEBUG=1",
					"$(inherited)",
				);
				GCC_WARN_64_TO_32_BIT_CONVERSION = YES;
				GCC_WARN_ABOUT_RETURN_TYPE = YES_ERROR;
				GCC_WARN_UNDECLARED_SELECTOR = YES;
				GCC_WARN_UNINITIALIZED_AUTOS = YES_AGGRESSIVE;
				GCC_WARN_UNUSED_FUNCTION = YES;
				GCC_WARN_UNUSED_VARIABLE = YES;
				MACOSX_DEPLOYMENT_TARGET = 10.11;
				MTL_ENABLE_DEBUG_INFO = YES;
				ONLY_ACTIVE_ARCH = YES;
				SDKROOT = macosx;
			};
			name = Debug;
		};
		84F3FBC01CC909D0002DCC40 /* Release */ = {
			isa = XCBuildConfiguration;
			buildSettings = {
				ALWAYS_SEARCH_USER_PATHS = NO;
				CLANG_ANALYZER_NONNULL = YES;
				CLANG_CXX_LANGUAGE_STANDARD = "gnu++0x";
				CLANG_CXX_LIBRARY = "libc++";
				CLANG_ENABLE_MODULES = YES;
				CLANG_ENABLE_OBJC_ARC = YES;
				CLANG_WARN_BOOL_CONVERSION = YES;
				CLANG_WARN_CONSTANT_CONVERSION = YES;
				CLANG_WARN_DIRECT_OBJC_ISA_USAGE = YES_ERROR;
				CLANG_WARN_EMPTY_BODY = YES;
				CLANG_WARN_ENUM_CONVERSION = YES;
				CLANG_WARN_INT_CONVERSION = YES;
				CLANG_WARN_OBJC_ROOT_CLASS = YES_ERROR;
				CLANG_WARN_UNREACHABLE_CODE = YES;
				CLANG_WARN__DUPLICATE_METHOD_MATCH = YES;
				CODE_SIGN_IDENTITY = "-";
				COPY_PHASE_STRIP = NO;
				DEBUG_INFORMATION_FORMAT = "dwarf-with-dsym";
				ENABLE_NS_ASSERTIONS = NO;
				ENABLE_STRICT_OBJC_MSGSEND = YES;
				GCC_C_LANGUAGE_STANDARD = gnu99;
				GCC_NO_COMMON_BLOCKS = YES;
				GCC_WARN_64_TO_32_BIT_CONVERSION = YES;
				GCC_WARN_ABOUT_RETURN_TYPE = YES_ERROR;
				GCC_WARN_UNDECLARED_SELECTOR = YES;
				GCC_WARN_UNINITIALIZED_AUTOS = YES_AGGRESSIVE;
				GCC_WARN_UNUSED_FUNCTION = YES;
				GCC_WARN_UNUSED_VARIABLE = YES;
				MACOSX_DEPLOYMENT_TARGET = 10.11;
				MTL_ENABLE_DEBUG_INFO = NO;
				SDKROOT = macosx;
			};
			name = Release;
		};
		84F3FBC21CC909D0002DCC40 /* Debug */ = {
			isa = XCBuildConfiguration;
			buildSettings = {
				MACOSX_DEPLOYMENT_TARGET = 10.10;
				PRODUCT_NAME = "$(TARGET_NAME)";
			};
			name = Debug;
		};
		84F3FBC31CC909D0002DCC40 /* Release */ = {
			isa = XCBuildConfiguration;
			buildSettings = {
				MACOSX_DEPLOYMENT_TARGET = 10.10;
				PRODUCT_NAME = "$(TARGET_NAME)";
			};
			name = Release;
		};
/* End XCBuildConfiguration section */

/* Begin XCConfigurationList section */
		84F3FBB51CC909D0002DCC40 /* Build configuration list for PBXProject "AKIHuman" */ = {
			isa = XCConfigurationList;
			buildConfigurations = (
				84F3FBBF1CC909D0002DCC40 /* Debug */,
				84F3FBC01CC909D0002DCC40 /* Release */,
			);
			defaultConfigurationIsVisible = 0;
			defaultConfigurationName = Release;
		};
		84F3FBC11CC909D0002DCC40 /* Build configuration list for PBXNativeTarget "AKIHuman" */ = {
			isa = XCConfigurationList;
			buildConfigurations = (
				84F3FBC21CC909D0002DCC40 /* Debug */,
				84F3FBC31CC909D0002DCC40 /* Release */,
			);
			defaultConfigurationIsVisible = 0;
			defaultConfigurationName = Release;
		};
/* End XCConfigurationList section */
	};
	rootObject = 84F3FBB21CC909D0002DCC40 /* Project object */;
}
