// !$*UTF8*$!
{
	archiveVersion = 1;
	classes = {
	};
	objectVersion = 46;
	objects = {

/* Begin PBXBuildFile section */
		841CCD581CB3F01800029071 /* main.c in Sources */ = {isa = PBXBuildFile; fileRef = 841CCD571CB3F01800029071 /* main.c */; };
		84F2498D1CB7C20900CB210A /* ICRunApplicationFunction.c in Sources */ = {isa = PBXBuildFile; fileRef = 84F2498B1CB7C20900CB210A /* ICRunApplicationFunction.c */; };
		84F249981CB7CCEE00CB210A /* ICCheckBoolReturnString.c in Sources */ = {isa = PBXBuildFile; fileRef = 84F249921CB7CCEE00CB210A /* ICCheckBoolReturnString.c */; };
		84F249991CB7CCEE00CB210A /* ICDecrement.c in Sources */ = {isa = PBXBuildFile; fileRef = 84F249941CB7CCEE00CB210A /* ICDecrement.c */; };
		84F2499A1CB7CCEE00CB210A /* ICIncrement.c in Sources */ = {isa = PBXBuildFile; fileRef = 84F249961CB7CCEE00CB210A /* ICIncrement.c */; };
		84F2499D1CB7CFCA00CB210A /* ICBoolPrintMamaPapa.c in Sources */ = {isa = PBXBuildFile; fileRef = 84F2499B1CB7CFCA00CB210A /* ICBoolPrintMamaPapa.c */; };
		84F249A01CB7D18500CB210A /* ICBoolPrintMamaPapaIfElse.c in Sources */ = {isa = PBXBuildFile; fileRef = 84F2499E1CB7D18500CB210A /* ICBoolPrintMamaPapaIfElse.c */; };
		84F249B01CB7D56E00CB210A /* ICPrintIntArray.c in Sources */ = {isa = PBXBuildFile; fileRef = 84F249AE1CB7D56E00CB210A /* ICPrintIntArray.c */; };
		84F249B41CB7DE8B00CB210A /* ICPrintString.c in Sources */ = {isa = PBXBuildFile; fileRef = 84F249B21CB7DE8B00CB210A /* ICPrintString.c */; };
		84F249B71CB7EAEA00CB210A /* ICDeputyStatus.c in Sources */ = {isa = PBXBuildFile; fileRef = 84F249B51CB7EAEA00CB210A /* ICDeputyStatus.c */; };
		84F249BD1CB7F4AB00CB210A /* ICPrintDoubleNullTerm.c in Sources */ = {isa = PBXBuildFile; fileRef = 84F249BB1CB7F4AB00CB210A /* ICPrintDoubleNullTerm.c */; };
		84F249C01CB7F7F400CB210A /* ICPrintIntFold.c in Sources */ = {isa = PBXBuildFile; fileRef = 84F249BE1CB7F7F400CB210A /* ICPrintIntFold.c */; };
		84F249C31CB7FB8500CB210A /* ICPrintCycleFor.c in Sources */ = {isa = PBXBuildFile; fileRef = 84F249C11CB7FB8500CB210A /* ICPrintCycleFor.c */; };
		84F249C61CB7FFE000CB210A /* ICPrintCycleDoWhile.c in Sources */ = {isa = PBXBuildFile; fileRef = 84F249C41CB7FFE000CB210A /* ICPrintCycleDoWhile.c */; };
/* End PBXBuildFile section */

/* Begin PBXCopyFilesBuildPhase section */
		841CCD521CB3F01800029071 /* CopyFiles */ = {
			isa = PBXCopyFilesBuildPhase;
			buildActionMask = 2147483647;
			dstPath = /usr/share/man/man1/;
			dstSubfolderSpec = 0;
			files = (
			);
			runOnlyForDeploymentPostprocessing = 1;
		};
/* End PBXCopyFilesBuildPhase section */

/* Begin PBXFileReference section */
		841CCD541CB3F01800029071 /* Homework_lesson1 */ = {isa = PBXFileReference; explicitFileType = "compiled.mach-o.executable"; includeInIndex = 0; path = Homework_lesson1; sourceTree = BUILT_PRODUCTS_DIR; };
		841CCD571CB3F01800029071 /* main.c */ = {isa = PBXFileReference; lastKnownFileType = sourcecode.c.c; path = main.c; sourceTree = "<group>"; };
		84F2498B1CB7C20900CB210A /* ICRunApplicationFunction.c */ = {isa = PBXFileReference; fileEncoding = 4; lastKnownFileType = sourcecode.c.c; path = ICRunApplicationFunction.c; sourceTree = "<group>"; };
		84F2498C1CB7C20900CB210A /* ICRunApplicationFunction.h */ = {isa = PBXFileReference; fileEncoding = 4; lastKnownFileType = sourcecode.c.h; path = ICRunApplicationFunction.h; sourceTree = "<group>"; };
		84F249921CB7CCEE00CB210A /* ICCheckBoolReturnString.c */ = {isa = PBXFileReference; fileEncoding = 4; lastKnownFileType = sourcecode.c.c; path = ICCheckBoolReturnString.c; sourceTree = "<group>"; };
		84F249931CB7CCEE00CB210A /* ICCheckBoolReturnString.h */ = {isa = PBXFileReference; fileEncoding = 4; lastKnownFileType = sourcecode.c.h; path = ICCheckBoolReturnString.h; sourceTree = "<group>"; };
		84F249941CB7CCEE00CB210A /* ICDecrement.c */ = {isa = PBXFileReference; fileEncoding = 4; lastKnownFileType = sourcecode.c.c; path = ICDecrement.c; sourceTree = "<group>"; };
		84F249951CB7CCEE00CB210A /* ICDecrement.h */ = {isa = PBXFileReference; fileEncoding = 4; lastKnownFileType = sourcecode.c.h; path = ICDecrement.h; sourceTree = "<group>"; };
		84F249961CB7CCEE00CB210A /* ICIncrement.c */ = {isa = PBXFileReference; fileEncoding = 4; lastKnownFileType = sourcecode.c.c; path = ICIncrement.c; sourceTree = "<group>"; };
		84F249971CB7CCEE00CB210A /* ICIncrement.h */ = {isa = PBXFileReference; fileEncoding = 4; lastKnownFileType = sourcecode.c.h; path = ICIncrement.h; sourceTree = "<group>"; };
		84F2499B1CB7CFCA00CB210A /* ICBoolPrintMamaPapa.c */ = {isa = PBXFileReference; fileEncoding = 4; lastKnownFileType = sourcecode.c.c; path = ICBoolPrintMamaPapa.c; sourceTree = "<group>"; };
		84F2499C1CB7CFCA00CB210A /* ICBoolPrintMamaPapa.h */ = {isa = PBXFileReference; fileEncoding = 4; lastKnownFileType = sourcecode.c.h; path = ICBoolPrintMamaPapa.h; sourceTree = "<group>"; };
		84F2499E1CB7D18500CB210A /* ICBoolPrintMamaPapaIfElse.c */ = {isa = PBXFileReference; fileEncoding = 4; lastKnownFileType = sourcecode.c.c; path = ICBoolPrintMamaPapaIfElse.c; sourceTree = "<group>"; };
		84F2499F1CB7D18500CB210A /* ICBoolPrintMamaPapaIfElse.h */ = {isa = PBXFileReference; fileEncoding = 4; lastKnownFileType = sourcecode.c.h; path = ICBoolPrintMamaPapaIfElse.h; sourceTree = "<group>"; };
		84F249AE1CB7D56E00CB210A /* ICPrintIntArray.c */ = {isa = PBXFileReference; fileEncoding = 4; lastKnownFileType = sourcecode.c.c; path = ICPrintIntArray.c; sourceTree = "<group>"; };
		84F249AF1CB7D56E00CB210A /* ICPrintIntArray.h */ = {isa = PBXFileReference; fileEncoding = 4; lastKnownFileType = sourcecode.c.h; path = ICPrintIntArray.h; sourceTree = "<group>"; };
		84F249B21CB7DE8B00CB210A /* ICPrintString.c */ = {isa = PBXFileReference; fileEncoding = 4; lastKnownFileType = sourcecode.c.c; path = ICPrintString.c; sourceTree = "<group>"; };
		84F249B31CB7DE8B00CB210A /* ICPrintString.h */ = {isa = PBXFileReference; fileEncoding = 4; lastKnownFileType = sourcecode.c.h; path = ICPrintString.h; sourceTree = "<group>"; };
		84F249B51CB7EAEA00CB210A /* ICDeputyStatus.c */ = {isa = PBXFileReference; fileEncoding = 4; lastKnownFileType = sourcecode.c.c; path = ICDeputyStatus.c; sourceTree = "<group>"; };
		84F249B61CB7EAEA00CB210A /* ICDeputyStatus.h */ = {isa = PBXFileReference; fileEncoding = 4; lastKnownFileType = sourcecode.c.h; path = ICDeputyStatus.h; sourceTree = "<group>"; };
		84F249BB1CB7F4AB00CB210A /* ICPrintDoubleNullTerm.c */ = {isa = PBXFileReference; fileEncoding = 4; lastKnownFileType = sourcecode.c.c; path = ICPrintDoubleNullTerm.c; sourceTree = "<group>"; };
		84F249BC1CB7F4AB00CB210A /* ICPrintDoubleNullTerm.h */ = {isa = PBXFileReference; fileEncoding = 4; lastKnownFileType = sourcecode.c.h; path = ICPrintDoubleNullTerm.h; sourceTree = "<group>"; };
		84F249BE1CB7F7F400CB210A /* ICPrintIntFold.c */ = {isa = PBXFileReference; fileEncoding = 4; lastKnownFileType = sourcecode.c.c; path = ICPrintIntFold.c; sourceTree = "<group>"; };
		84F249BF1CB7F7F400CB210A /* ICPrintIntFold.h */ = {isa = PBXFileReference; fileEncoding = 4; lastKnownFileType = sourcecode.c.h; path = ICPrintIntFold.h; sourceTree = "<group>"; };
		84F249C11CB7FB8500CB210A /* ICPrintCycleFor.c */ = {isa = PBXFileReference; fileEncoding = 4; lastKnownFileType = sourcecode.c.c; path = ICPrintCycleFor.c; sourceTree = "<group>"; };
		84F249C21CB7FB8500CB210A /* ICPrintCycleFor.h */ = {isa = PBXFileReference; fileEncoding = 4; lastKnownFileType = sourcecode.c.h; path = ICPrintCycleFor.h; sourceTree = "<group>"; };
		84F249C41CB7FFE000CB210A /* ICPrintCycleDoWhile.c */ = {isa = PBXFileReference; fileEncoding = 4; lastKnownFileType = sourcecode.c.c; path = ICPrintCycleDoWhile.c; sourceTree = "<group>"; };
		84F249C51CB7FFE000CB210A /* ICPrintCycleDoWhile.h */ = {isa = PBXFileReference; fileEncoding = 4; lastKnownFileType = sourcecode.c.h; path = ICPrintCycleDoWhile.h; sourceTree = "<group>"; };
/* End PBXFileReference section */

/* Begin PBXFrameworksBuildPhase section */
		841CCD511CB3F01800029071 /* Frameworks */ = {
			isa = PBXFrameworksBuildPhase;
			buildActionMask = 2147483647;
			files = (
			);
			runOnlyForDeploymentPostprocessing = 0;
		};
/* End PBXFrameworksBuildPhase section */

/* Begin PBXGroup section */
		841CCD4B1CB3F01800029071 = {
			isa = PBXGroup;
			children = (
				841CCD611CB3F2F800029071 /* Sources */,
				841CCD561CB3F01800029071 /* Homework_lesson1 */,
				841CCD551CB3F01800029071 /* Products */,
			);
			sourceTree = "<group>";
		};
		841CCD551CB3F01800029071 /* Products */ = {
			isa = PBXGroup;
			children = (
				841CCD541CB3F01800029071 /* Homework_lesson1 */,
			);
			name = Products;
			sourceTree = "<group>";
		};
		841CCD561CB3F01800029071 /* Homework_lesson1 */ = {
			isa = PBXGroup;
			children = (
				841CCD571CB3F01800029071 /* main.c */,
			);
			path = Homework_lesson1;
			sourceTree = "<group>";
		};
		841CCD611CB3F2F800029071 /* Sources */ = {
			isa = PBXGroup;
			children = (
				84F249B11CB7DE4400CB210A /* ICPrintFunction */,
				84F249911CB7CCEE00CB210A /* ICMathematicFunctions */,
				84F2498B1CB7C20900CB210A /* ICRunApplicationFunction.c */,
				84F2498C1CB7C20900CB210A /* ICRunApplicationFunction.h */,
			);
			path = Sources;
			sourceTree = "<group>";
		};
		84F249911CB7CCEE00CB210A /* ICMathematicFunctions */ = {
			isa = PBXGroup;
			children = (
				84F249921CB7CCEE00CB210A /* ICCheckBoolReturnString.c */,
				84F249931CB7CCEE00CB210A /* ICCheckBoolReturnString.h */,
				84F249941CB7CCEE00CB210A /* ICDecrement.c */,
				84F249951CB7CCEE00CB210A /* ICDecrement.h */,
				84F249961CB7CCEE00CB210A /* ICIncrement.c */,
				84F249971CB7CCEE00CB210A /* ICIncrement.h */,
				84F2499B1CB7CFCA00CB210A /* ICBoolPrintMamaPapa.c */,
				84F2499C1CB7CFCA00CB210A /* ICBoolPrintMamaPapa.h */,
				84F2499E1CB7D18500CB210A /* ICBoolPrintMamaPapaIfElse.c */,
				84F2499F1CB7D18500CB210A /* ICBoolPrintMamaPapaIfElse.h */,
				84F249AE1CB7D56E00CB210A /* ICPrintIntArray.c */,
				84F249AF1CB7D56E00CB210A /* ICPrintIntArray.h */,
				84F249B51CB7EAEA00CB210A /* ICDeputyStatus.c */,
				84F249B61CB7EAEA00CB210A /* ICDeputyStatus.h */,
			);
			path = ICMathematicFunctions;
			sourceTree = "<group>";
		};
		84F249B11CB7DE4400CB210A /* ICPrintFunction */ = {
			isa = PBXGroup;
			children = (
				84F249B21CB7DE8B00CB210A /* ICPrintString.c */,
				84F249B31CB7DE8B00CB210A /* ICPrintString.h */,
				84F249BB1CB7F4AB00CB210A /* ICPrintDoubleNullTerm.c */,
				84F249BC1CB7F4AB00CB210A /* ICPrintDoubleNullTerm.h */,
				84F249BE1CB7F7F400CB210A /* ICPrintIntFold.c */,
				84F249BF1CB7F7F400CB210A /* ICPrintIntFold.h */,
				84F249C11CB7FB8500CB210A /* ICPrintCycleFor.c */,
				84F249C21CB7FB8500CB210A /* ICPrintCycleFor.h */,
				84F249C41CB7FFE000CB210A /* ICPrintCycleDoWhile.c */,
				84F249C51CB7FFE000CB210A /* ICPrintCycleDoWhile.h */,
			);
			path = ICPrintFunction;
			sourceTree = "<group>";
		};
/* End PBXGroup section */

/* Begin PBXNativeTarget section */
		841CCD531CB3F01800029071 /* Homework_lesson1 */ = {
			isa = PBXNativeTarget;
			buildConfigurationList = 841CCD5B1CB3F01800029071 /* Build configuration list for PBXNativeTarget "Homework_lesson1" */;
			buildPhases = (
				841CCD501CB3F01800029071 /* Sources */,
				841CCD511CB3F01800029071 /* Frameworks */,
				841CCD521CB3F01800029071 /* CopyFiles */,
			);
			buildRules = (
			);
			dependencies = (
			);
			name = Homework_lesson1;
			productName = Homework_lesson1;
			productReference = 841CCD541CB3F01800029071 /* Homework_lesson1 */;
			productType = "com.apple.product-type.tool";
		};
/* End PBXNativeTarget section */

/* Begin PBXProject section */
		841CCD4C1CB3F01800029071 /* Project object */ = {
			isa = PBXProject;
			attributes = {
				LastUpgradeCheck = 0730;
				TargetAttributes = {
					841CCD531CB3F01800029071 = {
						CreatedOnToolsVersion = 7.3;
					};
				};
			};
			buildConfigurationList = 841CCD4F1CB3F01800029071 /* Build configuration list for PBXProject "Homework_lesson1" */;
			compatibilityVersion = "Xcode 3.2";
			developmentRegion = English;
			hasScannedForEncodings = 0;
			knownRegions = (
				en,
			);
			mainGroup = 841CCD4B1CB3F01800029071;
			productRefGroup = 841CCD551CB3F01800029071 /* Products */;
			projectDirPath = "";
			projectRoot = "";
			targets = (
				841CCD531CB3F01800029071 /* Homework_lesson1 */,
			);
		};
/* End PBXProject section */

/* Begin PBXSourcesBuildPhase section */
		841CCD501CB3F01800029071 /* Sources */ = {
			isa = PBXSourcesBuildPhase;
			buildActionMask = 2147483647;
			files = (
				841CCD581CB3F01800029071 /* main.c in Sources */,
				84F249991CB7CCEE00CB210A /* ICDecrement.c in Sources */,
				84F2499A1CB7CCEE00CB210A /* ICIncrement.c in Sources */,
				84F249981CB7CCEE00CB210A /* ICCheckBoolReturnString.c in Sources */,
				84F2498D1CB7C20900CB210A /* ICRunApplicationFunction.c in Sources */,
				84F249B71CB7EAEA00CB210A /* ICDeputyStatus.c in Sources */,
				84F249C31CB7FB8500CB210A /* ICPrintCycleFor.c in Sources */,
				84F249B01CB7D56E00CB210A /* ICPrintIntArray.c in Sources */,
				84F249B41CB7DE8B00CB210A /* ICPrintString.c in Sources */,
				84F249BD1CB7F4AB00CB210A /* ICPrintDoubleNullTerm.c in Sources */,
				84F2499D1CB7CFCA00CB210A /* ICBoolPrintMamaPapa.c in Sources */,
				84F249C01CB7F7F400CB210A /* ICPrintIntFold.c in Sources */,
				84F249A01CB7D18500CB210A /* ICBoolPrintMamaPapaIfElse.c in Sources */,
				84F249C61CB7FFE000CB210A /* ICPrintCycleDoWhile.c in Sources */,
			);
			runOnlyForDeploymentPostprocessing = 0;
		};
/* End PBXSourcesBuildPhase section */

/* Begin XCBuildConfiguration section */
		841CCD591CB3F01800029071 /* Debug */ = {
			isa = XCBuildConfiguration;
			buildSettings = {
				ALWAYS_SEARCH_USER_PATHS = NO;
				CLANG_ANALYZER_NONNULL = YES;
				CLANG_CXX_LANGUAGE_STANDARD = "gnu++0x";
				CLANG_CXX_LIBRARY = "libc++";
				CLANG_ENABLE_MODULES = YES;
				CLANG_ENABLE_OBJC_ARC = YES;
				CLANG_WARN_BOOL_CONVERSION = YES;
				CLANG_WARN_CONSTANT_CONVERSION = YES;
				CLANG_WARN_DIRECT_OBJC_ISA_USAGE = YES_ERROR;
				CLANG_WARN_EMPTY_BODY = YES;
				CLANG_WARN_ENUM_CONVERSION = YES;
				CLANG_WARN_INT_CONVERSION = YES;
				CLANG_WARN_OBJC_ROOT_CLASS = YES_ERROR;
				CLANG_WARN_UNREACHABLE_CODE = YES;
				CLANG_WARN__DUPLICATE_METHOD_MATCH = YES;
				CODE_SIGN_IDENTITY = "-";
				COPY_PHASE_STRIP = NO;
				DEBUG_INFORMATION_FORMAT = dwarf;
				ENABLE_STRICT_OBJC_MSGSEND = YES;
				ENABLE_TESTABILITY = YES;
				GCC_C_LANGUAGE_STANDARD = gnu99;
				GCC_DYNAMIC_NO_PIC = NO;
				GCC_NO_COMMON_BLOCKS = YES;
				GCC_OPTIMIZATION_LEVEL = 0;
				GCC_PREPROCESSOR_DEFINITIONS = (
					"DEBUG=1",
					"$(inherited)",
				);
				GCC_WARN_64_TO_32_BIT_CONVERSION = YES;
				GCC_WARN_ABOUT_RETURN_TYPE = YES_ERROR;
				GCC_WARN_UNDECLARED_SELECTOR = YES;
				GCC_WARN_UNINITIALIZED_AUTOS = YES_AGGRESSIVE;
				GCC_WARN_UNUSED_FUNCTION = YES;
				GCC_WARN_UNUSED_VARIABLE = YES;
				MACOSX_DEPLOYMENT_TARGET = 10.11;
				MTL_ENABLE_DEBUG_INFO = YES;
				ONLY_ACTIVE_ARCH = YES;
				SDKROOT = macosx;
			};
			name = Debug;
		};
		841CCD5A1CB3F01800029071 /* Release */ = {
			isa = XCBuildConfiguration;
			buildSettings = {
				ALWAYS_SEARCH_USER_PATHS = NO;
				CLANG_ANALYZER_NONNULL = YES;
				CLANG_CXX_LANGUAGE_STANDARD = "gnu++0x";
				CLANG_CXX_LIBRARY = "libc++";
				CLANG_ENABLE_MODULES = YES;
				CLANG_ENABLE_OBJC_ARC = YES;
				CLANG_WARN_BOOL_CONVERSION = YES;
				CLANG_WARN_CONSTANT_CONVERSION = YES;
				CLANG_WARN_DIRECT_OBJC_ISA_USAGE = YES_ERROR;
				CLANG_WARN_EMPTY_BODY = YES;
				CLANG_WARN_ENUM_CONVERSION = YES;
				CLANG_WARN_INT_CONVERSION = YES;
				CLANG_WARN_OBJC_ROOT_CLASS = YES_ERROR;
				CLANG_WARN_UNREACHABLE_CODE = YES;
				CLANG_WARN__DUPLICATE_METHOD_MATCH = YES;
				CODE_SIGN_IDENTITY = "-";
				COPY_PHASE_STRIP = NO;
				DEBUG_INFORMATION_FORMAT = "dwarf-with-dsym";
				ENABLE_NS_ASSERTIONS = NO;
				ENABLE_STRICT_OBJC_MSGSEND = YES;
				GCC_C_LANGUAGE_STANDARD = gnu99;
				GCC_NO_COMMON_BLOCKS = YES;
				GCC_WARN_64_TO_32_BIT_CONVERSION = YES;
				GCC_WARN_ABOUT_RETURN_TYPE = YES_ERROR;
				GCC_WARN_UNDECLARED_SELECTOR = YES;
				GCC_WARN_UNINITIALIZED_AUTOS = YES_AGGRESSIVE;
				GCC_WARN_UNUSED_FUNCTION = YES;
				GCC_WARN_UNUSED_VARIABLE = YES;
				MACOSX_DEPLOYMENT_TARGET = 10.11;
				MTL_ENABLE_DEBUG_INFO = NO;
				SDKROOT = macosx;
			};
			name = Release;
		};
		841CCD5C1CB3F01800029071 /* Debug */ = {
			isa = XCBuildConfiguration;
			buildSettings = {
				PRODUCT_NAME = "$(TARGET_NAME)";
			};
			name = Debug;
		};
		841CCD5D1CB3F01800029071 /* Release */ = {
			isa = XCBuildConfiguration;
			buildSettings = {
				PRODUCT_NAME = "$(TARGET_NAME)";
			};
			name = Release;
		};
/* End XCBuildConfiguration section */

/* Begin XCConfigurationList section */
		841CCD4F1CB3F01800029071 /* Build configuration list for PBXProject "Homework_lesson1" */ = {
			isa = XCConfigurationList;
			buildConfigurations = (
				841CCD591CB3F01800029071 /* Debug */,
				841CCD5A1CB3F01800029071 /* Release */,
			);
			defaultConfigurationIsVisible = 0;
			defaultConfigurationName = Release;
		};
		841CCD5B1CB3F01800029071 /* Build configuration list for PBXNativeTarget "Homework_lesson1" */ = {
			isa = XCConfigurationList;
			buildConfigurations = (
				841CCD5C1CB3F01800029071 /* Debug */,
				841CCD5D1CB3F01800029071 /* Release */,
			);
			defaultConfigurationIsVisible = 0;
			defaultConfigurationName = Release;
		};
/* End XCConfigurationList section */
	};
	rootObject = 841CCD4C1CB3F01800029071 /* Project object */;
}
