// !$*UTF8*$!
{
	archiveVersion = 1;
	classes = {
	};
	objectVersion = 46;
	objects = {

/* Begin PBXBuildFile section */
		841CCD581CB3F01800029071 /* main.c in Sources */ = {isa = PBXBuildFile; fileRef = 841CCD571CB3F01800029071 /* main.c */; };
		84F2498D1CB7C20900CB210A /* ICRunApplicationFunction.c in Sources */ = {isa = PBXBuildFile; fileRef = 84F2498B1CB7C20900CB210A /* ICRunApplicationFunction.c */; };
		84F249CB1CBAC54700CB210A /* ICEquationPartition.c in Sources */ = {isa = PBXBuildFile; fileRef = 84F249CA1CBAC54700CB210A /* ICEquationPartition.c */; };
		84F249CD1CBAC80400CB210A /* ICPostfixIncrement.c in Sources */ = {isa = PBXBuildFile; fileRef = 84F249CC1CBAC80400CB210A /* ICPostfixIncrement.c */; };
		84F249CF1CBAC88E00CB210A /* ICPrefixIncrement.c in Sources */ = {isa = PBXBuildFile; fileRef = 84F249CE1CBAC88E00CB210A /* ICPrefixIncrement.c */; };
		84F249D21CBACF8D00CB210A /* ICDecrement.c in Sources */ = {isa = PBXBuildFile; fileRef = 84F249D01CBACF8D00CB210A /* ICDecrement.c */; };
		84F249D31CBACF8D00CB210A /* ICIncrement.c in Sources */ = {isa = PBXBuildFile; fileRef = 84F249D11CBACF8D00CB210A /* ICIncrement.c */; };
		84F249D81CBACFA300CB210A /* ICBoolPrintMamaPapa.c in Sources */ = {isa = PBXBuildFile; fileRef = 84F249D41CBACFA300CB210A /* ICBoolPrintMamaPapa.c */; };
		84F249D91CBACFA300CB210A /* ICBoolPrintMamaPapaIfElse.c in Sources */ = {isa = PBXBuildFile; fileRef = 84F249D51CBACFA300CB210A /* ICBoolPrintMamaPapaIfElse.c */; };
		84F249DA1CBACFA300CB210A /* ICCheckBoolReturnString.c in Sources */ = {isa = PBXBuildFile; fileRef = 84F249D61CBACFA300CB210A /* ICCheckBoolReturnString.c */; };
		84F249DB1CBACFA300CB210A /* ICDeputyStatus.c in Sources */ = {isa = PBXBuildFile; fileRef = 84F249D71CBACFA300CB210A /* ICDeputyStatus.c */; };
		84F249E21CBAD02000CB210A /* ICPrintCycleFor.c in Sources */ = {isa = PBXBuildFile; fileRef = 84F249DD1CBAD02000CB210A /* ICPrintCycleFor.c */; };
		84F249E31CBAD02000CB210A /* ICPrintDoubleNullTerm.c in Sources */ = {isa = PBXBuildFile; fileRef = 84F249DE1CBAD02000CB210A /* ICPrintDoubleNullTerm.c */; };
		84F249E41CBAD02000CB210A /* ICPrintMamaPapaTypes.c in Sources */ = {isa = PBXBuildFile; fileRef = 84F249DF1CBAD02000CB210A /* ICPrintMamaPapaTypes.c */; };
		84F249E51CBAD02000CB210A /* ICPrintString.c in Sources */ = {isa = PBXBuildFile; fileRef = 84F249E01CBAD02000CB210A /* ICPrintString.c */; };
		84F249E71CBAD64100CB210A /* ICOutputParams.c in Sources */ = {isa = PBXBuildFile; fileRef = 84F249E61CBAD64100CB210A /* ICOutputParams.c */; };
		84F249E91CBAE17700CB210A /* ICBoolOperations.c in Sources */ = {isa = PBXBuildFile; fileRef = 84F249E81CBAE17700CB210A /* ICBoolOperations.c */; };
		84F249EB1CBAE46500CB210A /* ICPrintIntArray.c in Sources */ = {isa = PBXBuildFile; fileRef = 84F249EA1CBAE46500CB210A /* ICPrintIntArray.c */; };
		84F249ED1CBAEE8B00CB210A /* ICMathematicOperations.c in Sources */ = {isa = PBXBuildFile; fileRef = 84F249EC1CBAEE8B00CB210A /* ICMathematicOperations.c */; };
		84F249F21CBBBE3800CB210A /* ICPrint.c in Sources */ = {isa = PBXBuildFile; fileRef = 84F249EE1CBBBE3800CB210A /* ICPrint.c */; };
		84F249FA1CBBDDDA00CB210A /* ICMacrosGenerateAndPrintFunction.c in Sources */ = {isa = PBXBuildFile; fileRef = 84F249F81CBBDDDA00CB210A /* ICMacrosGenerateAndPrintFunction.c */; };
		84F249FE1CBD388600CB210A /* ICRunApplicationTask4.c in Sources */ = {isa = PBXBuildFile; fileRef = 84F249FD1CBD388600CB210A /* ICRunApplicationTask4.c */; };
		84F24A001CBD394D00CB210A /* ICRunApplicationTask5.c in Sources */ = {isa = PBXBuildFile; fileRef = 84F249FF1CBD394D00CB210A /* ICRunApplicationTask5.c */; };
		84F24A021CBD39C500CB210A /* ICRunApplicationTask3.c in Sources */ = {isa = PBXBuildFile; fileRef = 84F24A011CBD39C500CB210A /* ICRunApplicationTask3.c */; };
/* End PBXBuildFile section */

/* Begin PBXCopyFilesBuildPhase section */
		841CCD521CB3F01800029071 /* CopyFiles */ = {
			isa = PBXCopyFilesBuildPhase;
			buildActionMask = 2147483647;
			dstPath = /usr/share/man/man1/;
			dstSubfolderSpec = 0;
			files = (
			);
			runOnlyForDeploymentPostprocessing = 1;
		};
/* End PBXCopyFilesBuildPhase section */

/* Begin PBXFileReference section */
		841CCD541CB3F01800029071 /* Homework_lesson1 */ = {isa = PBXFileReference; explicitFileType = "compiled.mach-o.executable"; includeInIndex = 0; path = Homework_lesson1; sourceTree = BUILT_PRODUCTS_DIR; };
		841CCD571CB3F01800029071 /* main.c */ = {isa = PBXFileReference; lastKnownFileType = sourcecode.c.c; path = main.c; sourceTree = "<group>"; };
		84F2498B1CB7C20900CB210A /* ICRunApplicationFunction.c */ = {isa = PBXFileReference; fileEncoding = 4; lastKnownFileType = sourcecode.c.c; path = ICRunApplicationFunction.c; sourceTree = "<group>"; };
		84F2498C1CB7C20900CB210A /* ICRunApplicationFunction.h */ = {isa = PBXFileReference; fileEncoding = 4; lastKnownFileType = sourcecode.c.h; path = ICRunApplicationFunction.h; sourceTree = "<group>"; };
		84F249CA1CBAC54700CB210A /* ICEquationPartition.c */ = {isa = PBXFileReference; fileEncoding = 4; lastKnownFileType = sourcecode.c.c; path = ICEquationPartition.c; sourceTree = "<group>"; };
		84F249CC1CBAC80400CB210A /* ICPostfixIncrement.c */ = {isa = PBXFileReference; fileEncoding = 4; lastKnownFileType = sourcecode.c.c; path = ICPostfixIncrement.c; sourceTree = "<group>"; };
		84F249CE1CBAC88E00CB210A /* ICPrefixIncrement.c */ = {isa = PBXFileReference; fileEncoding = 4; lastKnownFileType = sourcecode.c.c; path = ICPrefixIncrement.c; sourceTree = "<group>"; };
		84F249D01CBACF8D00CB210A /* ICDecrement.c */ = {isa = PBXFileReference; fileEncoding = 4; lastKnownFileType = sourcecode.c.c; path = ICDecrement.c; sourceTree = "<group>"; };
		84F249D11CBACF8D00CB210A /* ICIncrement.c */ = {isa = PBXFileReference; fileEncoding = 4; lastKnownFileType = sourcecode.c.c; path = ICIncrement.c; sourceTree = "<group>"; };
		84F249D41CBACFA300CB210A /* ICBoolPrintMamaPapa.c */ = {isa = PBXFileReference; fileEncoding = 4; lastKnownFileType = sourcecode.c.c; path = ICBoolPrintMamaPapa.c; sourceTree = "<group>"; };
		84F249D51CBACFA300CB210A /* ICBoolPrintMamaPapaIfElse.c */ = {isa = PBXFileReference; fileEncoding = 4; lastKnownFileType = sourcecode.c.c; path = ICBoolPrintMamaPapaIfElse.c; sourceTree = "<group>"; };
		84F249D61CBACFA300CB210A /* ICCheckBoolReturnString.c */ = {isa = PBXFileReference; fileEncoding = 4; lastKnownFileType = sourcecode.c.c; path = ICCheckBoolReturnString.c; sourceTree = "<group>"; };
		84F249D71CBACFA300CB210A /* ICDeputyStatus.c */ = {isa = PBXFileReference; fileEncoding = 4; lastKnownFileType = sourcecode.c.c; path = ICDeputyStatus.c; sourceTree = "<group>"; };
		84F249DD1CBAD02000CB210A /* ICPrintCycleFor.c */ = {isa = PBXFileReference; fileEncoding = 4; lastKnownFileType = sourcecode.c.c; path = ICPrintCycleFor.c; sourceTree = "<group>"; };
		84F249DE1CBAD02000CB210A /* ICPrintDoubleNullTerm.c */ = {isa = PBXFileReference; fileEncoding = 4; lastKnownFileType = sourcecode.c.c; path = ICPrintDoubleNullTerm.c; sourceTree = "<group>"; };
		84F249DF1CBAD02000CB210A /* ICPrintMamaPapaTypes.c */ = {isa = PBXFileReference; fileEncoding = 4; lastKnownFileType = sourcecode.c.c; path = ICPrintMamaPapaTypes.c; sourceTree = "<group>"; };
		84F249E01CBAD02000CB210A /* ICPrintString.c */ = {isa = PBXFileReference; fileEncoding = 4; lastKnownFileType = sourcecode.c.c; path = ICPrintString.c; sourceTree = "<group>"; };
		84F249E61CBAD64100CB210A /* ICOutputParams.c */ = {isa = PBXFileReference; fileEncoding = 4; lastKnownFileType = sourcecode.c.c; path = ICOutputParams.c; sourceTree = "<group>"; };
		84F249E81CBAE17700CB210A /* ICBoolOperations.c */ = {isa = PBXFileReference; fileEncoding = 4; lastKnownFileType = sourcecode.c.c; path = ICBoolOperations.c; sourceTree = "<group>"; };
		84F249EA1CBAE46500CB210A /* ICPrintIntArray.c */ = {isa = PBXFileReference; fileEncoding = 4; lastKnownFileType = sourcecode.c.c; path = ICPrintIntArray.c; sourceTree = "<group>"; };
		84F249EC1CBAEE8B00CB210A /* ICMathematicOperations.c */ = {isa = PBXFileReference; fileEncoding = 4; lastKnownFileType = sourcecode.c.c; path = ICMathematicOperations.c; sourceTree = "<group>"; };
		84F249EE1CBBBE3800CB210A /* ICPrint.c */ = {isa = PBXFileReference; fileEncoding = 4; lastKnownFileType = sourcecode.c.c; path = ICPrint.c; sourceTree = "<group>"; };
		84F249F81CBBDDDA00CB210A /* ICMacrosGenerateAndPrintFunction.c */ = {isa = PBXFileReference; fileEncoding = 4; lastKnownFileType = sourcecode.c.c; path = ICMacrosGenerateAndPrintFunction.c; sourceTree = "<group>"; };
		84F249F91CBBDDDA00CB210A /* ICMacrosGenerateAndPrintFunction.h */ = {isa = PBXFileReference; fileEncoding = 4; lastKnownFileType = sourcecode.c.h; path = ICMacrosGenerateAndPrintFunction.h; sourceTree = "<group>"; };
		84F249FB1CBD1B6500CB210A /* task.rtf */ = {isa = PBXFileReference; fileEncoding = 4; lastKnownFileType = text.rtf; path = task.rtf; sourceTree = "<group>"; };
		84F249FC1CBD340F00CB210A /* iOS Study Plan.txt */ = {isa = PBXFileReference; fileEncoding = 4; lastKnownFileType = text; name = "iOS Study Plan.txt"; path = "ICMacrosTest/iOS Study Plan.txt"; sourceTree = "<group>"; };
		84F249FD1CBD388600CB210A /* ICRunApplicationTask4.c */ = {isa = PBXFileReference; fileEncoding = 4; lastKnownFileType = sourcecode.c.c; path = ICRunApplicationTask4.c; sourceTree = "<group>"; };
		84F249FF1CBD394D00CB210A /* ICRunApplicationTask5.c */ = {isa = PBXFileReference; fileEncoding = 4; lastKnownFileType = sourcecode.c.c; path = ICRunApplicationTask5.c; sourceTree = "<group>"; };
		84F24A011CBD39C500CB210A /* ICRunApplicationTask3.c */ = {isa = PBXFileReference; fileEncoding = 4; lastKnownFileType = sourcecode.c.c; path = ICRunApplicationTask3.c; sourceTree = "<group>"; };
/* End PBXFileReference section */

/* Begin PBXFrameworksBuildPhase section */
		841CCD511CB3F01800029071 /* Frameworks */ = {
			isa = PBXFrameworksBuildPhase;
			buildActionMask = 2147483647;
			files = (
			);
			runOnlyForDeploymentPostprocessing = 0;
		};
/* End PBXFrameworksBuildPhase section */

/* Begin PBXGroup section */
		841CCD4B1CB3F01800029071 = {
			isa = PBXGroup;
			children = (
				841CCD611CB3F2F800029071 /* Sources */,
				841CCD561CB3F01800029071 /* Homework_lesson1 */,
				841CCD551CB3F01800029071 /* Products */,
			);
			sourceTree = "<group>";
		};
		841CCD551CB3F01800029071 /* Products */ = {
			isa = PBXGroup;
			children = (
				841CCD541CB3F01800029071 /* Homework_lesson1 */,
			);
			name = Products;
			sourceTree = "<group>";
		};
		841CCD561CB3F01800029071 /* Homework_lesson1 */ = {
			isa = PBXGroup;
			children = (
				841CCD571CB3F01800029071 /* main.c */,
			);
			path = Homework_lesson1;
			sourceTree = "<group>";
		};
		841CCD611CB3F2F800029071 /* Sources */ = {
			isa = PBXGroup;
			children = (
				84F249FC1CBD340F00CB210A /* iOS Study Plan.txt */,
				84F2498B1CB7C20900CB210A /* ICRunApplicationFunction.c */,
				84F2498C1CB7C20900CB210A /* ICRunApplicationFunction.h */,
				84F249F71CBBDD7A00CB210A /* ICMacrosPrinting */,
				84F249C91CBABF2500CB210A /* ICHomeworkTask3 */,
				84F249C81CBABF1300CB210A /* ICHomeworkTask4 */,
				84F249C71CBABDE900CB210A /* ICHomeworkTask5 */,
			);
			path = Sources;
			sourceTree = "<group>";
		};
		84F249C71CBABDE900CB210A /* ICHomeworkTask5 */ = {
			isa = PBXGroup;
			children = (
				84F249FF1CBD394D00CB210A /* ICRunApplicationTask5.c */,
				84F249FB1CBD1B6500CB210A /* task.rtf */,
				84F249EA1CBAE46500CB210A /* ICPrintIntArray.c */,
				84F249DD1CBAD02000CB210A /* ICPrintCycleFor.c */,
				84F249DE1CBAD02000CB210A /* ICPrintDoubleNullTerm.c */,
				84F249DF1CBAD02000CB210A /* ICPrintMamaPapaTypes.c */,
				84F249E01CBAD02000CB210A /* ICPrintString.c */,
				84F249D41CBACFA300CB210A /* ICBoolPrintMamaPapa.c */,
				84F249D51CBACFA300CB210A /* ICBoolPrintMamaPapaIfElse.c */,
				84F249D61CBACFA300CB210A /* ICCheckBoolReturnString.c */,
				84F249D71CBACFA300CB210A /* ICDeputyStatus.c */,
				84F249E81CBAE17700CB210A /* ICBoolOperations.c */,
				84F249EC1CBAEE8B00CB210A /* ICMathematicOperations.c */,
			);
			path = ICHomeworkTask5;
			sourceTree = "<group>";
		};
		84F249C81CBABF1300CB210A /* ICHomeworkTask4 */ = {
			isa = PBXGroup;
			children = (
				84F249FD1CBD388600CB210A /* ICRunApplicationTask4.c */,
				84F249D01CBACF8D00CB210A /* ICDecrement.c */,
				84F249D11CBACF8D00CB210A /* ICIncrement.c */,
				84F249CA1CBAC54700CB210A /* ICEquationPartition.c */,
				84F249CC1CBAC80400CB210A /* ICPostfixIncrement.c */,
				84F249CE1CBAC88E00CB210A /* ICPrefixIncrement.c */,
				84F249E61CBAD64100CB210A /* ICOutputParams.c */,
			);
			path = ICHomeworkTask4;
			sourceTree = "<group>";
		};
		84F249C91CBABF2500CB210A /* ICHomeworkTask3 */ = {
			isa = PBXGroup;
			children = (
				84F249EE1CBBBE3800CB210A /* ICPrint.c */,
				84F24A011CBD39C500CB210A /* ICRunApplicationTask3.c */,
			);
			path = ICHomeworkTask3;
			sourceTree = "<group>";
		};
		84F249F71CBBDD7A00CB210A /* ICMacrosPrinting */ = {
			isa = PBXGroup;
			children = (
				84F249F81CBBDDDA00CB210A /* ICMacrosGenerateAndPrintFunction.c */,
				84F249F91CBBDDDA00CB210A /* ICMacrosGenerateAndPrintFunction.h */,
			);
			name = ICMacrosPrinting;
			path = ICMacrosTest;
			sourceTree = "<group>";
		};
/* End PBXGroup section */

/* Begin PBXNativeTarget section */
		841CCD531CB3F01800029071 /* Homework_lesson1 */ = {
			isa = PBXNativeTarget;
			buildConfigurationList = 841CCD5B1CB3F01800029071 /* Build configuration list for PBXNativeTarget "Homework_lesson1" */;
			buildPhases = (
				841CCD501CB3F01800029071 /* Sources */,
				841CCD511CB3F01800029071 /* Frameworks */,
				841CCD521CB3F01800029071 /* CopyFiles */,
			);
			buildRules = (
			);
			dependencies = (
			);
			name = Homework_lesson1;
			productName = Homework_lesson1;
			productReference = 841CCD541CB3F01800029071 /* Homework_lesson1 */;
			productType = "com.apple.product-type.tool";
		};
/* End PBXNativeTarget section */

/* Begin PBXProject section */
		841CCD4C1CB3F01800029071 /* Project object */ = {
			isa = PBXProject;
			attributes = {
				LastUpgradeCheck = 0730;
				TargetAttributes = {
					841CCD531CB3F01800029071 = {
						CreatedOnToolsVersion = 7.3;
					};
				};
			};
			buildConfigurationList = 841CCD4F1CB3F01800029071 /* Build configuration list for PBXProject "Homework_lesson1" */;
			compatibilityVersion = "Xcode 3.2";
			developmentRegion = English;
			hasScannedForEncodings = 0;
			knownRegions = (
				en,
			);
			mainGroup = 841CCD4B1CB3F01800029071;
			productRefGroup = 841CCD551CB3F01800029071 /* Products */;
			projectDirPath = "";
			projectRoot = "";
			targets = (
				841CCD531CB3F01800029071 /* Homework_lesson1 */,
			);
		};
/* End PBXProject section */

/* Begin PBXSourcesBuildPhase section */
		841CCD501CB3F01800029071 /* Sources */ = {
			isa = PBXSourcesBuildPhase;
			buildActionMask = 2147483647;
			files = (
				84F249E51CBAD02000CB210A /* ICPrintString.c in Sources */,
				841CCD581CB3F01800029071 /* main.c in Sources */,
				84F249EB1CBAE46500CB210A /* ICPrintIntArray.c in Sources */,
				84F249D21CBACF8D00CB210A /* ICDecrement.c in Sources */,
				84F249CF1CBAC88E00CB210A /* ICPrefixIncrement.c in Sources */,
				84F249FA1CBBDDDA00CB210A /* ICMacrosGenerateAndPrintFunction.c in Sources */,
				84F249FE1CBD388600CB210A /* ICRunApplicationTask4.c in Sources */,
				84F249E31CBAD02000CB210A /* ICPrintDoubleNullTerm.c in Sources */,
				84F249D81CBACFA300CB210A /* ICBoolPrintMamaPapa.c in Sources */,
				84F249F21CBBBE3800CB210A /* ICPrint.c in Sources */,
				84F249CD1CBAC80400CB210A /* ICPostfixIncrement.c in Sources */,
				84F24A001CBD394D00CB210A /* ICRunApplicationTask5.c in Sources */,
				84F2498D1CB7C20900CB210A /* ICRunApplicationFunction.c in Sources */,
				84F249E21CBAD02000CB210A /* ICPrintCycleFor.c in Sources */,
				84F249E91CBAE17700CB210A /* ICBoolOperations.c in Sources */,
				84F249D31CBACF8D00CB210A /* ICIncrement.c in Sources */,
				84F249E41CBAD02000CB210A /* ICPrintMamaPapaTypes.c in Sources */,
				84F249ED1CBAEE8B00CB210A /* ICMathematicOperations.c in Sources */,
				84F249CB1CBAC54700CB210A /* ICEquationPartition.c in Sources */,
				84F24A021CBD39C500CB210A /* ICRunApplicationTask3.c in Sources */,
				84F249DB1CBACFA300CB210A /* ICDeputyStatus.c in Sources */,
				84F249E71CBAD64100CB210A /* ICOutputParams.c in Sources */,
				84F249DA1CBACFA300CB210A /* ICCheckBoolReturnString.c in Sources */,
				84F249D91CBACFA300CB210A /* ICBoolPrintMamaPapaIfElse.c in Sources */,
			);
			runOnlyForDeploymentPostprocessing = 0;
		};
/* End PBXSourcesBuildPhase section */

/* Begin XCBuildConfiguration section */
		841CCD591CB3F01800029071 /* Debug */ = {
			isa = XCBuildConfiguration;
			buildSettings = {
				ALWAYS_SEARCH_USER_PATHS = NO;
				CLANG_ANALYZER_NONNULL = YES;
				CLANG_CXX_LANGUAGE_STANDARD = "gnu++0x";
				CLANG_CXX_LIBRARY = "libc++";
				CLANG_ENABLE_MODULES = YES;
				CLANG_ENABLE_OBJC_ARC = YES;
				CLANG_WARN_BOOL_CONVERSION = YES;
				CLANG_WARN_CONSTANT_CONVERSION = YES;
				CLANG_WARN_DIRECT_OBJC_ISA_USAGE = YES_ERROR;
				CLANG_WARN_EMPTY_BODY = YES;
				CLANG_WARN_ENUM_CONVERSION = YES;
				CLANG_WARN_INT_CONVERSION = YES;
				CLANG_WARN_OBJC_ROOT_CLASS = YES_ERROR;
				CLANG_WARN_UNREACHABLE_CODE = YES;
				CLANG_WARN__DUPLICATE_METHOD_MATCH = YES;
				CODE_SIGN_IDENTITY = "-";
				COPY_PHASE_STRIP = NO;
				DEBUG_INFORMATION_FORMAT = dwarf;
				ENABLE_STRICT_OBJC_MSGSEND = YES;
				ENABLE_TESTABILITY = YES;
				GCC_C_LANGUAGE_STANDARD = gnu99;
				GCC_DYNAMIC_NO_PIC = NO;
				GCC_NO_COMMON_BLOCKS = YES;
				GCC_OPTIMIZATION_LEVEL = 0;
				GCC_PREPROCESSOR_DEFINITIONS = (
					"DEBUG=1",
					"$(inherited)",
				);
				GCC_WARN_64_TO_32_BIT_CONVERSION = YES;
				GCC_WARN_ABOUT_RETURN_TYPE = YES_ERROR;
				GCC_WARN_UNDECLARED_SELECTOR = YES;
				GCC_WARN_UNINITIALIZED_AUTOS = YES_AGGRESSIVE;
				GCC_WARN_UNUSED_FUNCTION = YES;
				GCC_WARN_UNUSED_VARIABLE = YES;
				MACOSX_DEPLOYMENT_TARGET = 10.11;
				MTL_ENABLE_DEBUG_INFO = YES;
				ONLY_ACTIVE_ARCH = YES;
				SDKROOT = macosx;
			};
			name = Debug;
		};
		841CCD5A1CB3F01800029071 /* Release */ = {
			isa = XCBuildConfiguration;
			buildSettings = {
				ALWAYS_SEARCH_USER_PATHS = NO;
				CLANG_ANALYZER_NONNULL = YES;
				CLANG_CXX_LANGUAGE_STANDARD = "gnu++0x";
				CLANG_CXX_LIBRARY = "libc++";
				CLANG_ENABLE_MODULES = YES;
				CLANG_ENABLE_OBJC_ARC = YES;
				CLANG_WARN_BOOL_CONVERSION = YES;
				CLANG_WARN_CONSTANT_CONVERSION = YES;
				CLANG_WARN_DIRECT_OBJC_ISA_USAGE = YES_ERROR;
				CLANG_WARN_EMPTY_BODY = YES;
				CLANG_WARN_ENUM_CONVERSION = YES;
				CLANG_WARN_INT_CONVERSION = YES;
				CLANG_WARN_OBJC_ROOT_CLASS = YES_ERROR;
				CLANG_WARN_UNREACHABLE_CODE = YES;
				CLANG_WARN__DUPLICATE_METHOD_MATCH = YES;
				CODE_SIGN_IDENTITY = "-";
				COPY_PHASE_STRIP = NO;
				DEBUG_INFORMATION_FORMAT = "dwarf-with-dsym";
				ENABLE_NS_ASSERTIONS = NO;
				ENABLE_STRICT_OBJC_MSGSEND = YES;
				GCC_C_LANGUAGE_STANDARD = gnu99;
				GCC_NO_COMMON_BLOCKS = YES;
				GCC_WARN_64_TO_32_BIT_CONVERSION = YES;
				GCC_WARN_ABOUT_RETURN_TYPE = YES_ERROR;
				GCC_WARN_UNDECLARED_SELECTOR = YES;
				GCC_WARN_UNINITIALIZED_AUTOS = YES_AGGRESSIVE;
				GCC_WARN_UNUSED_FUNCTION = YES;
				GCC_WARN_UNUSED_VARIABLE = YES;
				MACOSX_DEPLOYMENT_TARGET = 10.11;
				MTL_ENABLE_DEBUG_INFO = NO;
				SDKROOT = macosx;
			};
			name = Release;
		};
		841CCD5C1CB3F01800029071 /* Debug */ = {
			isa = XCBuildConfiguration;
			buildSettings = {
				PRODUCT_NAME = "$(TARGET_NAME)";
			};
			name = Debug;
		};
		841CCD5D1CB3F01800029071 /* Release */ = {
			isa = XCBuildConfiguration;
			buildSettings = {
				PRODUCT_NAME = "$(TARGET_NAME)";
			};
			name = Release;
		};
/* End XCBuildConfiguration section */

/* Begin XCConfigurationList section */
		841CCD4F1CB3F01800029071 /* Build configuration list for PBXProject "Homework_lesson1" */ = {
			isa = XCConfigurationList;
			buildConfigurations = (
				841CCD591CB3F01800029071 /* Debug */,
				841CCD5A1CB3F01800029071 /* Release */,
			);
			defaultConfigurationIsVisible = 0;
			defaultConfigurationName = Release;
		};
		841CCD5B1CB3F01800029071 /* Build configuration list for PBXNativeTarget "Homework_lesson1" */ = {
			isa = XCConfigurationList;
			buildConfigurations = (
				841CCD5C1CB3F01800029071 /* Debug */,
				841CCD5D1CB3F01800029071 /* Release */,
			);
			defaultConfigurationIsVisible = 0;
			defaultConfigurationName = Release;
		};
/* End XCConfigurationList section */
	};
	rootObject = 841CCD4C1CB3F01800029071 /* Project object */;
}
