// !$*UTF8*$!
{
	archiveVersion = 1;
	classes = {
	};
	objectVersion = 46;
	objects = {

/* Begin PBXBuildFile section */
		841CCD581CB3F01800029071 /* main.c in Sources */ = {isa = PBXBuildFile; fileRef = 841CCD571CB3F01800029071 /* main.c */; };
		841CCD641CB3F6A300029071 /* ICPrint.c in Sources */ = {isa = PBXBuildFile; fileRef = 841CCD621CB3F6A300029071 /* ICPrint.c */; };
		841CCD671CB3F96700029071 /* ICPrintParents.c in Sources */ = {isa = PBXBuildFile; fileRef = 841CCD651CB3F96700029071 /* ICPrintParents.c */; };
/* End PBXBuildFile section */

/* Begin PBXCopyFilesBuildPhase section */
		841CCD521CB3F01800029071 /* CopyFiles */ = {
			isa = PBXCopyFilesBuildPhase;
			buildActionMask = 2147483647;
			dstPath = /usr/share/man/man1/;
			dstSubfolderSpec = 0;
			files = (
			);
			runOnlyForDeploymentPostprocessing = 1;
		};
/* End PBXCopyFilesBuildPhase section */

/* Begin PBXFileReference section */
		841CCD541CB3F01800029071 /* Homework_lesson1 */ = {isa = PBXFileReference; explicitFileType = "compiled.mach-o.executable"; includeInIndex = 0; path = Homework_lesson1; sourceTree = BUILT_PRODUCTS_DIR; };
		841CCD571CB3F01800029071 /* main.c */ = {isa = PBXFileReference; lastKnownFileType = sourcecode.c.c; path = main.c; sourceTree = "<group>"; };
		841CCD621CB3F6A300029071 /* ICPrint.c */ = {isa = PBXFileReference; fileEncoding = 4; lastKnownFileType = sourcecode.c.c; path = ICPrint.c; sourceTree = "<group>"; };
		841CCD631CB3F6A300029071 /* ICPrint.h */ = {isa = PBXFileReference; fileEncoding = 4; lastKnownFileType = sourcecode.c.h; path = ICPrint.h; sourceTree = "<group>"; };
		841CCD651CB3F96700029071 /* ICPrintParents.c */ = {isa = PBXFileReference; fileEncoding = 4; lastKnownFileType = sourcecode.c.c; path = ICPrintParents.c; sourceTree = "<group>"; };
		841CCD661CB3F96700029071 /* ICPrintParents.h */ = {isa = PBXFileReference; fileEncoding = 4; lastKnownFileType = sourcecode.c.h; path = ICPrintParents.h; sourceTree = "<group>"; };
/* End PBXFileReference section */

/* Begin PBXFrameworksBuildPhase section */
		841CCD511CB3F01800029071 /* Frameworks */ = {
			isa = PBXFrameworksBuildPhase;
			buildActionMask = 2147483647;
			files = (
			);
			runOnlyForDeploymentPostprocessing = 0;
		};
/* End PBXFrameworksBuildPhase section */

/* Begin PBXGroup section */
		841CCD4B1CB3F01800029071 = {
			isa = PBXGroup;
			children = (
				841CCD611CB3F2F800029071 /* Sources */,
				841CCD561CB3F01800029071 /* Homework_lesson1 */,
				841CCD551CB3F01800029071 /* Products */,
			);
			sourceTree = "<group>";
		};
		841CCD551CB3F01800029071 /* Products */ = {
			isa = PBXGroup;
			children = (
				841CCD541CB3F01800029071 /* Homework_lesson1 */,
			);
			name = Products;
			sourceTree = "<group>";
		};
		841CCD561CB3F01800029071 /* Homework_lesson1 */ = {
			isa = PBXGroup;
			children = (
				841CCD571CB3F01800029071 /* main.c */,
			);
			path = Homework_lesson1;
			sourceTree = "<group>";
		};
		841CCD611CB3F2F800029071 /* Sources */ = {
			isa = PBXGroup;
			children = (
				841CCD621CB3F6A300029071 /* ICPrint.c */,
				841CCD631CB3F6A300029071 /* ICPrint.h */,
				841CCD651CB3F96700029071 /* ICPrintParents.c */,
				841CCD661CB3F96700029071 /* ICPrintParents.h */,
			);
			path = Sources;
			sourceTree = "<group>";
		};
/* End PBXGroup section */

/* Begin PBXNativeTarget section */
		841CCD531CB3F01800029071 /* Homework_lesson1 */ = {
			isa = PBXNativeTarget;
			buildConfigurationList = 841CCD5B1CB3F01800029071 /* Build configuration list for PBXNativeTarget "Homework_lesson1" */;
			buildPhases = (
				841CCD501CB3F01800029071 /* Sources */,
				841CCD511CB3F01800029071 /* Frameworks */,
				841CCD521CB3F01800029071 /* CopyFiles */,
			);
			buildRules = (
			);
			dependencies = (
			);
			name = Homework_lesson1;
			productName = Homework_lesson1;
			productReference = 841CCD541CB3F01800029071 /* Homework_lesson1 */;
			productType = "com.apple.product-type.tool";
		};
/* End PBXNativeTarget section */

/* Begin PBXProject section */
		841CCD4C1CB3F01800029071 /* Project object */ = {
			isa = PBXProject;
			attributes = {
				LastUpgradeCheck = 0730;
				TargetAttributes = {
					841CCD531CB3F01800029071 = {
						CreatedOnToolsVersion = 7.3;
					};
				};
			};
			buildConfigurationList = 841CCD4F1CB3F01800029071 /* Build configuration list for PBXProject "Homework_lesson1" */;
			compatibilityVersion = "Xcode 3.2";
			developmentRegion = English;
			hasScannedForEncodings = 0;
			knownRegions = (
				en,
			);
			mainGroup = 841CCD4B1CB3F01800029071;
			productRefGroup = 841CCD551CB3F01800029071 /* Products */;
			projectDirPath = "";
			projectRoot = "";
			targets = (
				841CCD531CB3F01800029071 /* Homework_lesson1 */,
			);
		};
/* End PBXProject section */

/* Begin PBXSourcesBuildPhase section */
		841CCD501CB3F01800029071 /* Sources */ = {
			isa = PBXSourcesBuildPhase;
			buildActionMask = 2147483647;
			files = (
				841CCD581CB3F01800029071 /* main.c in Sources */,
				841CCD641CB3F6A300029071 /* ICPrint.c in Sources */,
				841CCD671CB3F96700029071 /* ICPrintParents.c in Sources */,
			);
			runOnlyForDeploymentPostprocessing = 0;
		};
/* End PBXSourcesBuildPhase section */

/* Begin XCBuildConfiguration section */
		841CCD591CB3F01800029071 /* Debug */ = {
			isa = XCBuildConfiguration;
			buildSettings = {
				ALWAYS_SEARCH_USER_PATHS = NO;
				CLANG_ANALYZER_NONNULL = YES;
				CLANG_CXX_LANGUAGE_STANDARD = "gnu++0x";
				CLANG_CXX_LIBRARY = "libc++";
				CLANG_ENABLE_MODULES = YES;
				CLANG_ENABLE_OBJC_ARC = YES;
				CLANG_WARN_BOOL_CONVERSION = YES;
				CLANG_WARN_CONSTANT_CONVERSION = YES;
				CLANG_WARN_DIRECT_OBJC_ISA_USAGE = YES_ERROR;
				CLANG_WARN_EMPTY_BODY = YES;
				CLANG_WARN_ENUM_CONVERSION = YES;
				CLANG_WARN_INT_CONVERSION = YES;
				CLANG_WARN_OBJC_ROOT_CLASS = YES_ERROR;
				CLANG_WARN_UNREACHABLE_CODE = YES;
				CLANG_WARN__DUPLICATE_METHOD_MATCH = YES;
				CODE_SIGN_IDENTITY = "-";
				COPY_PHASE_STRIP = NO;
				DEBUG_INFORMATION_FORMAT = dwarf;
				ENABLE_STRICT_OBJC_MSGSEND = YES;
				ENABLE_TESTABILITY = YES;
				GCC_C_LANGUAGE_STANDARD = gnu99;
				GCC_DYNAMIC_NO_PIC = NO;
				GCC_NO_COMMON_BLOCKS = YES;
				GCC_OPTIMIZATION_LEVEL = 0;
				GCC_PREPROCESSOR_DEFINITIONS = (
					"DEBUG=1",
					"$(inherited)",
				);
				GCC_WARN_64_TO_32_BIT_CONVERSION = YES;
				GCC_WARN_ABOUT_RETURN_TYPE = YES_ERROR;
				GCC_WARN_UNDECLARED_SELECTOR = YES;
				GCC_WARN_UNINITIALIZED_AUTOS = YES_AGGRESSIVE;
				GCC_WARN_UNUSED_FUNCTION = YES;
				GCC_WARN_UNUSED_VARIABLE = YES;
				MACOSX_DEPLOYMENT_TARGET = 10.11;
				MTL_ENABLE_DEBUG_INFO = YES;
				ONLY_ACTIVE_ARCH = YES;
				SDKROOT = macosx;
			};
			name = Debug;
		};
		841CCD5A1CB3F01800029071 /* Release */ = {
			isa = XCBuildConfiguration;
			buildSettings = {
				ALWAYS_SEARCH_USER_PATHS = NO;
				CLANG_ANALYZER_NONNULL = YES;
				CLANG_CXX_LANGUAGE_STANDARD = "gnu++0x";
				CLANG_CXX_LIBRARY = "libc++";
				CLANG_ENABLE_MODULES = YES;
				CLANG_ENABLE_OBJC_ARC = YES;
				CLANG_WARN_BOOL_CONVERSION = YES;
				CLANG_WARN_CONSTANT_CONVERSION = YES;
				CLANG_WARN_DIRECT_OBJC_ISA_USAGE = YES_ERROR;
				CLANG_WARN_EMPTY_BODY = YES;
				CLANG_WARN_ENUM_CONVERSION = YES;
				CLANG_WARN_INT_CONVERSION = YES;
				CLANG_WARN_OBJC_ROOT_CLASS = YES_ERROR;
				CLANG_WARN_UNREACHABLE_CODE = YES;
				CLANG_WARN__DUPLICATE_METHOD_MATCH = YES;
				CODE_SIGN_IDENTITY = "-";
				COPY_PHASE_STRIP = NO;
				DEBUG_INFORMATION_FORMAT = "dwarf-with-dsym";
				ENABLE_NS_ASSERTIONS = NO;
				ENABLE_STRICT_OBJC_MSGSEND = YES;
				GCC_C_LANGUAGE_STANDARD = gnu99;
				GCC_NO_COMMON_BLOCKS = YES;
				GCC_WARN_64_TO_32_BIT_CONVERSION = YES;
				GCC_WARN_ABOUT_RETURN_TYPE = YES_ERROR;
				GCC_WARN_UNDECLARED_SELECTOR = YES;
				GCC_WARN_UNINITIALIZED_AUTOS = YES_AGGRESSIVE;
				GCC_WARN_UNUSED_FUNCTION = YES;
				GCC_WARN_UNUSED_VARIABLE = YES;
				MACOSX_DEPLOYMENT_TARGET = 10.11;
				MTL_ENABLE_DEBUG_INFO = NO;
				SDKROOT = macosx;
			};
			name = Release;
		};
		841CCD5C1CB3F01800029071 /* Debug */ = {
			isa = XCBuildConfiguration;
			buildSettings = {
				PRODUCT_NAME = "$(TARGET_NAME)";
			};
			name = Debug;
		};
		841CCD5D1CB3F01800029071 /* Release */ = {
			isa = XCBuildConfiguration;
			buildSettings = {
				PRODUCT_NAME = "$(TARGET_NAME)";
			};
			name = Release;
		};
/* End XCBuildConfiguration section */

/* Begin XCConfigurationList section */
		841CCD4F1CB3F01800029071 /* Build configuration list for PBXProject "Homework_lesson1" */ = {
			isa = XCConfigurationList;
			buildConfigurations = (
				841CCD591CB3F01800029071 /* Debug */,
				841CCD5A1CB3F01800029071 /* Release */,
			);
			defaultConfigurationIsVisible = 0;
			defaultConfigurationName = Release;
		};
		841CCD5B1CB3F01800029071 /* Build configuration list for PBXNativeTarget "Homework_lesson1" */ = {
			isa = XCConfigurationList;
			buildConfigurations = (
				841CCD5C1CB3F01800029071 /* Debug */,
				841CCD5D1CB3F01800029071 /* Release */,
			);
			defaultConfigurationIsVisible = 0;
			defaultConfigurationName = Release;
		};
/* End XCConfigurationList section */
	};
	rootObject = 841CCD4C1CB3F01800029071 /* Project object */;
}
